
Microsoft Visual Studio Solution File, Format Version 12.00
# Visual Studio 15
Project("{FAE04EC0-301F-11D3-BF4B-00C04F79EFBC}") = "Unity.TextMeshPro.Editor", "Unity.TextMeshPro.Editor.csproj", "{E1EA0358-51FF-A891-4C97-EC8B612AB4D7}"
EndProject
Project("{FAE04EC0-301F-11D3-BF4B-00C04F79EFBC}") = "Unity.VisualScripting.Flow", "Unity.VisualScripting.Flow.csproj", "{80FAE7B0-1397-86D8-9F22-6A02B8E1CFB9}"
EndProject
Project("{FAE04EC0-301F-11D3-BF4B-00C04F79EFBC}") = "UnityEditor.UI", "UnityEditor.UI.csproj", "{8C36B91B-5FE8-DBD2-DA87-3C271E3928A3}"
EndProject
Project("{FAE04EC0-301F-11D3-BF4B-00C04F79EFBC}") = "Unity.ProBuilder", "Unity.ProBuilder.csproj", "{52C5ED3C-FF0F-778F-4A1A-AE5A1B91C39C}"
EndProject
Project("{FAE04EC0-301F-11D3-BF4B-00C04F79EFBC}") = "Unity.VisualScripting.Core", "Unity.VisualScripting.Core.csproj", "{C9E5188F-50F2-152C-D1FC-EE8E73152702}"
EndProject
Project("{FAE04EC0-301F-11D3-BF4B-00C04F79EFBC}") = "Unity.ProBuilder.Editor", "Unity.ProBuilder.Editor.csproj", "{DF55E4BC-00CA-8026-B80D-54343170DC85}"
EndProject
Project("{FAE04EC0-301F-11D3-BF4B-00C04F79EFBC}") = "Unity.Mathematics", "Unity.Mathematics.csproj", "{EB682066-F9E7-C3FB-DA3E-6D734092DBE4}"
EndProject
Project("{FAE04EC0-301F-11D3-BF4B-00C04F79EFBC}") = "Cinemachine", "Cinemachine.csproj", "{2659E764-090E-F14C-EB7B-0AF04CDDFB87}"
EndProject
Project("{FAE04EC0-301F-11D3-BF4B-00C04F79EFBC}") = "Unity.VisualScripting.Core.Editor", "Unity.VisualScripting.Core.Editor.csproj", "{7D41A01A-1537-7EEB-843B-A075BC905890}"
EndProject
Project("{FAE04EC0-301F-11D3-BF4B-00C04F79EFBC}") = "Unity.VisualScripting.Flow.Editor", "Unity.VisualScripting.Flow.Editor.csproj", "{26E7EE46-529F-EDE5-8867-C91C3D45AA96}"
EndProject
Project("{FAE04EC0-301F-11D3-BF4B-00C04F79EFBC}") = "UnityEditor.TestRunner", "UnityEditor.TestRunner.csproj", "{0F088FF0-EEB1-3FAB-A430-C04634181BEE}"
EndProject
Project("{FAE04EC0-301F-11D3-BF4B-00C04F79EFBC}") = "Unity.ProBuilder.Poly2Tri", "Unity.ProBuilder.Poly2Tri.csproj", "{2CA6B1DA-4CDE-6DDD-CB63-9F6A2BCE0F72}"
EndProject
Project("{FAE04EC0-301F-11D3-BF4B-00C04F79EFBC}") = "Unity.VisualScripting.SettingsProvider.Editor", "Unity.VisualScripting.SettingsProvider.Editor.csproj", "{D37E5290-4707-F763-FFF2-C86A18AA7E13}"
EndProject
Project("{FAE04EC0-301F-11D3-BF4B-00C04F79EFBC}") = "UnityEngine.TestRunner", "UnityEngine.TestRunner.csproj", "{FF3F9447-0AAB-A0F9-C701-DC998389A1CD}"
EndProject
Project("{FAE04EC0-301F-11D3-BF4B-00C04F79EFBC}") = "Unity.Burst", "Unity.Burst.csproj", "{728CA4E8-F0B9-1E28-4DE7-9BAF099757CE}"
EndProject
Project("{FAE04EC0-301F-11D3-BF4B-00C04F79EFBC}") = "UnityEngine.UI", "UnityEngine.UI.csproj", "{476A96F6-6E95-A558-CD47-D0062D3EDB96}"
EndProject
Project("{FAE04EC0-301F-11D3-BF4B-00C04F79EFBC}") = "Unity.ProBuilder.Csg", "Unity.ProBuilder.Csg.csproj", "{3CD26BFF-ECE6-47B2-690A-1F47EA5F0ED5}"
EndProject
Project("{FAE04EC0-301F-11D3-BF4B-00C04F79EFBC}") = "Unity.AI.Navigation.Editor", "Unity.AI.Navigation.Editor.csproj", "{AD1DCAB5-A4E6-3D4E-1525-75DDE6E0E85C}"
EndProject
Project("{FAE04EC0-301F-11D3-BF4B-00C04F79EFBC}") = "Unity.VisualStudio.Editor", "Unity.VisualStudio.Editor.csproj", "{D6E085FB-1B78-B594-40C2-8FE23432B4FC}"
EndProject
Project("{FAE04EC0-301F-11D3-BF4B-00C04F79EFBC}") = "com.unity.cinemachine.editor", "com.unity.cinemachine.editor.csproj", "{2900097D-4D45-9D80-53AC-734D676DD7DD}"
EndProject
Project("{FAE04EC0-301F-11D3-BF4B-00C04F79EFBC}") = "Unity.AI.Navigation", "Unity.AI.Navigation.csproj", "{8CAB2910-A120-60A9-1B81-2E42433E6C2B}"
EndProject
Project("{FAE04EC0-301F-11D3-BF4B-00C04F79EFBC}") = "Unity.AI.Navigation.Editor.ConversionSystem", "Unity.AI.Navigation.Editor.ConversionSystem.csproj", "{A355CDE3-6590-DD53-13AD-06B58BF4836D}"
EndProject
Project("{FAE04EC0-301F-11D3-BF4B-00C04F79EFBC}") = "Unity.VisualScripting.State.Editor", "Unity.VisualScripting.State.Editor.csproj", "{8630B420-DFFE-D7EF-7D61-CD5516D10812}"
EndProject
Project("{FAE04EC0-301F-11D3-BF4B-00C04F79EFBC}") = "Unity.Burst.CodeGen", "Unity.Burst.CodeGen.csproj", "{BE49AA01-E61D-B06A-E3A0-0AECDF03F76F}"
EndProject
Project("{FAE04EC0-301F-11D3-BF4B-00C04F79EFBC}") = "Unity.VisualScripting.State", "Unity.VisualScripting.State.csproj", "{4C7C9BF0-8889-F3AA-313C-1D294C536EC1}"
EndProject
Project("{FAE04EC0-301F-11D3-BF4B-00C04F79EFBC}") = "Assembly-CSharp", "Assembly-CSharp.csproj", "{D19784DD-37AB-F45D-A643-6EBD0421D5AA}"
EndProject
Project("{FAE04EC0-301F-11D3-BF4B-00C04F79EFBC}") = "Unity.TextMeshPro", "Unity.TextMeshPro.csproj", "{E4D8CE24-B101-5986-90DC-8AF15925515E}"
EndProject
Project("{FAE04EC0-301F-11D3-BF4B-00C04F79EFBC}") = "Unity.VSCode.Editor", "Unity.VSCode.Editor.csproj", "{5AE7EB4B-2866-D003-88A0-F0F7A79513A6}"
EndProject
Project("{FAE04EC0-301F-11D3-BF4B-00C04F79EFBC}") = "Unity.Burst.Editor", "Unity.Burst.Editor.csproj", "{6EC35EB0-9765-6847-4E90-926DDB98C61C}"
EndProject
Project("{FAE04EC0-301F-11D3-BF4B-00C04F79EFBC}") = "Unity.Sysroot.Linux_x86_64", "Unity.Sysroot.Linux_x86_64.csproj", "{201C2C29-C7A2-3C72-5BA4-484FC6B35FCD}"
EndProject
Project("{FAE04EC0-301F-11D3-BF4B-00C04F79EFBC}") = "Unity.AI.Navigation.Updater", "Unity.AI.Navigation.Updater.csproj", "{90C492D5-6787-713B-5AE4-15BA1C804666}"
EndProject
Project("{FAE04EC0-301F-11D3-BF4B-00C04F79EFBC}") = "Unity.ProBuilder.Stl", "Unity.ProBuilder.Stl.csproj", "{9BA1A0DD-768C-ACAC-927E-B03B16A1961B}"
EndProject
Project("{FAE04EC0-301F-11D3-BF4B-00C04F79EFBC}") = "Unity.Settings.Editor", "Unity.Settings.Editor.csproj", "{E54AB8FE-5437-8E9C-A00B-AB94A0CBC73A}"
EndProject
Project("{FAE04EC0-301F-11D3-BF4B-00C04F79EFBC}") = "Unity.ProBuilder.AssetIdRemapUtility", "Unity.ProBuilder.AssetIdRemapUtility.csproj", "{A6ABD203-8DF2-D845-4A2A-FA5120EBE058}"
EndProject
Project("{FAE04EC0-301F-11D3-BF4B-00C04F79EFBC}") = "Unity.ProBuilder.KdTree", "Unity.ProBuilder.KdTree.csproj", "{8B46689D-77EC-6CC1-2D24-1B7C4E0E65FA}"
EndProject
Project("{FAE04EC0-301F-11D3-BF4B-00C04F79EFBC}") = "Unity.ProBuilder.AddOns.Editor", "Unity.ProBuilder.AddOns.Editor.csproj", "{E079B2DC-CB9A-9112-30D4-45A439BF68AA}"
EndProject
Project("{FAE04EC0-301F-11D3-BF4B-00C04F79EFBC}") = "Unity.Mathematics.Editor", "Unity.Mathematics.Editor.csproj", "{41CBA0A1-720D-AC31-2026-6C4AD6B57108}"
EndProject
Project("{FAE04EC0-301F-11D3-BF4B-00C04F79EFBC}") = "Unity.SysrootPackage.Editor", "Unity.SysrootPackage.Editor.csproj", "{9DAAC6F2-8638-643A-A7EB-ADF5140492B1}"
EndProject
Project("{FAE04EC0-301F-11D3-BF4B-00C04F79EFBC}") = "Unity.VisualScripting.Shared.Editor", "Unity.VisualScripting.Shared.Editor.csproj", "{589DD287-3E78-C44C-B767-788FBB43A403}"
EndProject
Project("{FAE04EC0-301F-11D3-BF4B-00C04F79EFBC}") = "Unity.Toolchain.Win-x86_64-Linux-x86_64", "Unity.Toolchain.Win-x86_64-Linux-x86_64.csproj", "{FEDB7EDA-2F2C-653C-808E-2A4F4FA460BF}"
EndProject
Project("{FAE04EC0-301F-11D3-BF4B-00C04F79EFBC}") = "Unity.VisualScripting.Flow", "Unity.VisualScripting.Flow.Player.csproj", "{FB842E66-F5FE-B3F8-C329-B4E72E317ED0}"
EndProject
Project("{FAE04EC0-301F-11D3-BF4B-00C04F79EFBC}") = "Unity.ProBuilder", "Unity.ProBuilder.Player.csproj", "{97F29BD1-8F08-6778-873D-AD2BD225B2D0}"
EndProject
Project("{FAE04EC0-301F-11D3-BF4B-00C04F79EFBC}") = "Unity.VisualScripting.Core", "Unity.VisualScripting.Core.Player.csproj", "{316DA3CD-3C86-2C42-1A80-D6EF1C3617AB}"
EndProject
Project("{FAE04EC0-301F-11D3-BF4B-00C04F79EFBC}") = "Unity.Mathematics", "Unity.Mathematics.Player.csproj", "{2C1D38CC-78F6-6B5B-DFFC-C76CC3DE40D5}"
EndProject
Project("{FAE04EC0-301F-11D3-BF4B-00C04F79EFBC}") = "Cinemachine", "Cinemachine.Player.csproj", "{41C56519-2EF4-B896-0BDD-9E5C917869B2}"
EndProject
Project("{FAE04EC0-301F-11D3-BF4B-00C04F79EFBC}") = "Unity.ProBuilder.Poly2Tri", "Unity.ProBuilder.Poly2Tri.Player.csproj", "{241E6DC1-C5EC-4113-AE9C-17447D27A74E}"
EndProject
Project("{FAE04EC0-301F-11D3-BF4B-00C04F79EFBC}") = "UnityEngine.TestRunner", "UnityEngine.TestRunner.Player.csproj", "{E2F2CDDD-BC55-B9CC-D149-ECF4F1341BEA}"
EndProject
Project("{FAE04EC0-301F-11D3-BF4B-00C04F79EFBC}") = "Unity.Burst", "Unity.Burst.Player.csproj", "{4E37B05E-338C-4E6D-D96D-D4F79E886FBC}"
EndProject
Project("{FAE04EC0-301F-11D3-BF4B-00C04F79EFBC}") = "UnityEngine.UI", "UnityEngine.UI.Player.csproj", "{9A264DDA-8409-0F9B-6D29-AA000C59568E}"
EndProject
Project("{FAE04EC0-301F-11D3-BF4B-00C04F79EFBC}") = "Unity.ProBuilder.Csg", "Unity.ProBuilder.Csg.Player.csproj", "{61120B1E-0E01-03D8-F541-B62B201F20EF}"
EndProject
Project("{FAE04EC0-301F-11D3-BF4B-00C04F79EFBC}") = "Unity.AI.Navigation", "Unity.AI.Navigation.Player.csproj", "{E354808E-9FD0-FA2D-44C1-FADF432248F8}"
EndProject
Project("{FAE04EC0-301F-11D3-BF4B-00C04F79EFBC}") = "Unity.VisualScripting.State", "Unity.VisualScripting.State.Player.csproj", "{1761BE9B-BD71-DD1E-128F-126647092FB2}"
EndProject
Project("{FAE04EC0-301F-11D3-BF4B-00C04F79EFBC}") = "Assembly-CSharp", "Assembly-CSharp.Player.csproj", "{9919AD89-79CC-C431-BC97-8D8325042E94}"
EndProject
Project("{FAE04EC0-301F-11D3-BF4B-00C04F79EFBC}") = "Unity.TextMeshPro", "Unity.TextMeshPro.Player.csproj", "{4300B468-CF63-5513-0A38-7EE792A2EC17}"
EndProject
Project("{FAE04EC0-301F-11D3-BF4B-00C04F79EFBC}") = "Unity.ProBuilder.Stl", "Unity.ProBuilder.Stl.Player.csproj", "{7FA1B060-94BB-1247-B114-539712267F39}"
EndProject
Project("{FAE04EC0-301F-11D3-BF4B-00C04F79EFBC}") = "Unity.ProBuilder.KdTree", "Unity.ProBuilder.KdTree.Player.csproj", "{2FC7F038-5206-AC1B-E79A-E7EF770F03D5}"
EndProject
Global
	GlobalSection(SolutionConfigurationPlatforms) = preSolution
		Debug|Any CPU = Debug|Any CPU
		Release|Any CPU = Release|Any CPU
	EndGlobalSection
	GlobalSection(ProjectConfigurationPlatforms) = postSolution
		{E1EA0358-51FF-A891-4C97-EC8B612AB4D7}.Debug|Any CPU.ActiveCfg = Debug|Any CPU
		{E1EA0358-51FF-A891-4C97-EC8B612AB4D7}.Debug|Any CPU.Build.0 = Debug|Any CPU
		{E1EA0358-51FF-A891-4C97-EC8B612AB4D7}.Release|Any CPU.ActiveCfg = Release|Any CPU
		{E1EA0358-51FF-A891-4C97-EC8B612AB4D7}.Release|Any CPU.Build.0 = Release|Any CPU
		{80FAE7B0-1397-86D8-9F22-6A02B8E1CFB9}.Debug|Any CPU.ActiveCfg = Debug|Any CPU
		{80FAE7B0-1397-86D8-9F22-6A02B8E1CFB9}.Debug|Any CPU.Build.0 = Debug|Any CPU
		{80FAE7B0-1397-86D8-9F22-6A02B8E1CFB9}.Release|Any CPU.ActiveCfg = Release|Any CPU
		{80FAE7B0-1397-86D8-9F22-6A02B8E1CFB9}.Release|Any CPU.Build.0 = Release|Any CPU
		{8C36B91B-5FE8-DBD2-DA87-3C271E3928A3}.Debug|Any CPU.ActiveCfg = Debug|Any CPU
		{8C36B91B-5FE8-DBD2-DA87-3C271E3928A3}.Debug|Any CPU.Build.0 = Debug|Any CPU
		{8C36B91B-5FE8-DBD2-DA87-3C271E3928A3}.Release|Any CPU.ActiveCfg = Release|Any CPU
		{8C36B91B-5FE8-DBD2-DA87-3C271E3928A3}.Release|Any CPU.Build.0 = Release|Any CPU
		{52C5ED3C-FF0F-778F-4A1A-AE5A1B91C39C}.Debug|Any CPU.ActiveCfg = Debug|Any CPU
		{52C5ED3C-FF0F-778F-4A1A-AE5A1B91C39C}.Debug|Any CPU.Build.0 = Debug|Any CPU
		{52C5ED3C-FF0F-778F-4A1A-AE5A1B91C39C}.Release|Any CPU.ActiveCfg = Release|Any CPU
		{52C5ED3C-FF0F-778F-4A1A-AE5A1B91C39C}.Release|Any CPU.Build.0 = Release|Any CPU
		{C9E5188F-50F2-152C-D1FC-EE8E73152702}.Debug|Any CPU.ActiveCfg = Debug|Any CPU
		{C9E5188F-50F2-152C-D1FC-EE8E73152702}.Debug|Any CPU.Build.0 = Debug|Any CPU
		{C9E5188F-50F2-152C-D1FC-EE8E73152702}.Release|Any CPU.ActiveCfg = Release|Any CPU
		{C9E5188F-50F2-152C-D1FC-EE8E73152702}.Release|Any CPU.Build.0 = Release|Any CPU
		{DF55E4BC-00CA-8026-B80D-54343170DC85}.Debug|Any CPU.ActiveCfg = Debug|Any CPU
		{DF55E4BC-00CA-8026-B80D-54343170DC85}.Debug|Any CPU.Build.0 = Debug|Any CPU
		{DF55E4BC-00CA-8026-B80D-54343170DC85}.Release|Any CPU.ActiveCfg = Release|Any CPU
		{DF55E4BC-00CA-8026-B80D-54343170DC85}.Release|Any CPU.Build.0 = Release|Any CPU
		{EB682066-F9E7-C3FB-DA3E-6D734092DBE4}.Debug|Any CPU.ActiveCfg = Debug|Any CPU
		{EB682066-F9E7-C3FB-DA3E-6D734092DBE4}.Debug|Any CPU.Build.0 = Debug|Any CPU
		{EB682066-F9E7-C3FB-DA3E-6D734092DBE4}.Release|Any CPU.ActiveCfg = Release|Any CPU
		{EB682066-F9E7-C3FB-DA3E-6D734092DBE4}.Release|Any CPU.Build.0 = Release|Any CPU
		{2659E764-090E-F14C-EB7B-0AF04CDDFB87}.Debug|Any CPU.ActiveCfg = Debug|Any CPU
		{2659E764-090E-F14C-EB7B-0AF04CDDFB87}.Debug|Any CPU.Build.0 = Debug|Any CPU
		{2659E764-090E-F14C-EB7B-0AF04CDDFB87}.Release|Any CPU.ActiveCfg = Release|Any CPU
		{2659E764-090E-F14C-EB7B-0AF04CDDFB87}.Release|Any CPU.Build.0 = Release|Any CPU
		{7D41A01A-1537-7EEB-843B-A075BC905890}.Debug|Any CPU.ActiveCfg = Debug|Any CPU
		{7D41A01A-1537-7EEB-843B-A075BC905890}.Debug|Any CPU.Build.0 = Debug|Any CPU
		{7D41A01A-1537-7EEB-843B-A075BC905890}.Release|Any CPU.ActiveCfg = Release|Any CPU
		{7D41A01A-1537-7EEB-843B-A075BC905890}.Release|Any CPU.Build.0 = Release|Any CPU
		{26E7EE46-529F-EDE5-8867-C91C3D45AA96}.Debug|Any CPU.ActiveCfg = Debug|Any CPU
		{26E7EE46-529F-EDE5-8867-C91C3D45AA96}.Debug|Any CPU.Build.0 = Debug|Any CPU
		{26E7EE46-529F-EDE5-8867-C91C3D45AA96}.Release|Any CPU.ActiveCfg = Release|Any CPU
		{26E7EE46-529F-EDE5-8867-C91C3D45AA96}.Release|Any CPU.Build.0 = Release|Any CPU
		{0F088FF0-EEB1-3FAB-A430-C04634181BEE}.Debug|Any CPU.ActiveCfg = Debug|Any CPU
		{0F088FF0-EEB1-3FAB-A430-C04634181BEE}.Debug|Any CPU.Build.0 = Debug|Any CPU
		{0F088FF0-EEB1-3FAB-A430-C04634181BEE}.Release|Any CPU.ActiveCfg = Release|Any CPU
		{0F088FF0-EEB1-3FAB-A430-C04634181BEE}.Release|Any CPU.Build.0 = Release|Any CPU
		{2CA6B1DA-4CDE-6DDD-CB63-9F6A2BCE0F72}.Debug|Any CPU.ActiveCfg = Debug|Any CPU
		{2CA6B1DA-4CDE-6DDD-CB63-9F6A2BCE0F72}.Debug|Any CPU.Build.0 = Debug|Any CPU
		{2CA6B1DA-4CDE-6DDD-CB63-9F6A2BCE0F72}.Release|Any CPU.ActiveCfg = Release|Any CPU
		{2CA6B1DA-4CDE-6DDD-CB63-9F6A2BCE0F72}.Release|Any CPU.Build.0 = Release|Any CPU
		{D37E5290-4707-F763-FFF2-C86A18AA7E13}.Debug|Any CPU.ActiveCfg = Debug|Any CPU
		{D37E5290-4707-F763-FFF2-C86A18AA7E13}.Debug|Any CPU.Build.0 = Debug|Any CPU
		{D37E5290-4707-F763-FFF2-C86A18AA7E13}.Release|Any CPU.ActiveCfg = Release|Any CPU
		{D37E5290-4707-F763-FFF2-C86A18AA7E13}.Release|Any CPU.Build.0 = Release|Any CPU
		{FF3F9447-0AAB-A0F9-C701-DC998389A1CD}.Debug|Any CPU.ActiveCfg = Debug|Any CPU
		{FF3F9447-0AAB-A0F9-C701-DC998389A1CD}.Debug|Any CPU.Build.0 = Debug|Any CPU
		{FF3F9447-0AAB-A0F9-C701-DC998389A1CD}.Release|Any CPU.ActiveCfg = Release|Any CPU
		{FF3F9447-0AAB-A0F9-C701-DC998389A1CD}.Release|Any CPU.Build.0 = Release|Any CPU
		{728CA4E8-F0B9-1E28-4DE7-9BAF099757CE}.Debug|Any CPU.ActiveCfg = Debug|Any CPU
		{728CA4E8-F0B9-1E28-4DE7-9BAF099757CE}.Debug|Any CPU.Build.0 = Debug|Any CPU
		{728CA4E8-F0B9-1E28-4DE7-9BAF099757CE}.Release|Any CPU.ActiveCfg = Release|Any CPU
		{728CA4E8-F0B9-1E28-4DE7-9BAF099757CE}.Release|Any CPU.Build.0 = Release|Any CPU
		{476A96F6-6E95-A558-CD47-D0062D3EDB96}.Debug|Any CPU.ActiveCfg = Debug|Any CPU
		{476A96F6-6E95-A558-CD47-D0062D3EDB96}.Debug|Any CPU.Build.0 = Debug|Any CPU
		{476A96F6-6E95-A558-CD47-D0062D3EDB96}.Release|Any CPU.ActiveCfg = Release|Any CPU
		{476A96F6-6E95-A558-CD47-D0062D3EDB96}.Release|Any CPU.Build.0 = Release|Any CPU
		{3CD26BFF-ECE6-47B2-690A-1F47EA5F0ED5}.Debug|Any CPU.ActiveCfg = Debug|Any CPU
		{3CD26BFF-ECE6-47B2-690A-1F47EA5F0ED5}.Debug|Any CPU.Build.0 = Debug|Any CPU
		{3CD26BFF-ECE6-47B2-690A-1F47EA5F0ED5}.Release|Any CPU.ActiveCfg = Release|Any CPU
		{3CD26BFF-ECE6-47B2-690A-1F47EA5F0ED5}.Release|Any CPU.Build.0 = Release|Any CPU
		{AD1DCAB5-A4E6-3D4E-1525-75DDE6E0E85C}.Debug|Any CPU.ActiveCfg = Debug|Any CPU
		{AD1DCAB5-A4E6-3D4E-1525-75DDE6E0E85C}.Debug|Any CPU.Build.0 = Debug|Any CPU
		{AD1DCAB5-A4E6-3D4E-1525-75DDE6E0E85C}.Release|Any CPU.ActiveCfg = Release|Any CPU
		{AD1DCAB5-A4E6-3D4E-1525-75DDE6E0E85C}.Release|Any CPU.Build.0 = Release|Any CPU
		{D6E085FB-1B78-B594-40C2-8FE23432B4FC}.Debug|Any CPU.ActiveCfg = Debug|Any CPU
		{D6E085FB-1B78-B594-40C2-8FE23432B4FC}.Debug|Any CPU.Build.0 = Debug|Any CPU
		{D6E085FB-1B78-B594-40C2-8FE23432B4FC}.Release|Any CPU.ActiveCfg = Release|Any CPU
		{D6E085FB-1B78-B594-40C2-8FE23432B4FC}.Release|Any CPU.Build.0 = Release|Any CPU
		{2900097D-4D45-9D80-53AC-734D676DD7DD}.Debug|Any CPU.ActiveCfg = Debug|Any CPU
		{2900097D-4D45-9D80-53AC-734D676DD7DD}.Debug|Any CPU.Build.0 = Debug|Any CPU
		{2900097D-4D45-9D80-53AC-734D676DD7DD}.Release|Any CPU.ActiveCfg = Release|Any CPU
		{2900097D-4D45-9D80-53AC-734D676DD7DD}.Release|Any CPU.Build.0 = Release|Any CPU
		{8CAB2910-A120-60A9-1B81-2E42433E6C2B}.Debug|Any CPU.ActiveCfg = Debug|Any CPU
		{8CAB2910-A120-60A9-1B81-2E42433E6C2B}.Debug|Any CPU.Build.0 = Debug|Any CPU
		{8CAB2910-A120-60A9-1B81-2E42433E6C2B}.Release|Any CPU.ActiveCfg = Release|Any CPU
		{8CAB2910-A120-60A9-1B81-2E42433E6C2B}.Release|Any CPU.Build.0 = Release|Any CPU
		{A355CDE3-6590-DD53-13AD-06B58BF4836D}.Debug|Any CPU.ActiveCfg = Debug|Any CPU
		{A355CDE3-6590-DD53-13AD-06B58BF4836D}.Debug|Any CPU.Build.0 = Debug|Any CPU
		{A355CDE3-6590-DD53-13AD-06B58BF4836D}.Release|Any CPU.ActiveCfg = Release|Any CPU
		{A355CDE3-6590-DD53-13AD-06B58BF4836D}.Release|Any CPU.Build.0 = Release|Any CPU
		{8630B420-DFFE-D7EF-7D61-CD5516D10812}.Debug|Any CPU.ActiveCfg = Debug|Any CPU
		{8630B420-DFFE-D7EF-7D61-CD5516D10812}.Debug|Any CPU.Build.0 = Debug|Any CPU
		{8630B420-DFFE-D7EF-7D61-CD5516D10812}.Release|Any CPU.ActiveCfg = Release|Any CPU
		{8630B420-DFFE-D7EF-7D61-CD5516D10812}.Release|Any CPU.Build.0 = Release|Any CPU
		{BE49AA01-E61D-B06A-E3A0-0AECDF03F76F}.Debug|Any CPU.ActiveCfg = Debug|Any CPU
		{BE49AA01-E61D-B06A-E3A0-0AECDF03F76F}.Debug|Any CPU.Build.0 = Debug|Any CPU
		{BE49AA01-E61D-B06A-E3A0-0AECDF03F76F}.Release|Any CPU.ActiveCfg = Release|Any CPU
		{BE49AA01-E61D-B06A-E3A0-0AECDF03F76F}.Release|Any CPU.Build.0 = Release|Any CPU
		{4C7C9BF0-8889-F3AA-313C-1D294C536EC1}.Debug|Any CPU.ActiveCfg = Debug|Any CPU
		{4C7C9BF0-8889-F3AA-313C-1D294C536EC1}.Debug|Any CPU.Build.0 = Debug|Any CPU
		{4C7C9BF0-8889-F3AA-313C-1D294C536EC1}.Release|Any CPU.ActiveCfg = Release|Any CPU
		{4C7C9BF0-8889-F3AA-313C-1D294C536EC1}.Release|Any CPU.Build.0 = Release|Any CPU
		{D19784DD-37AB-F45D-A643-6EBD0421D5AA}.Debug|Any CPU.ActiveCfg = Debug|Any CPU
		{D19784DD-37AB-F45D-A643-6EBD0421D5AA}.Debug|Any CPU.Build.0 = Debug|Any CPU
		{D19784DD-37AB-F45D-A643-6EBD0421D5AA}.Release|Any CPU.ActiveCfg = Release|Any CPU
		{D19784DD-37AB-F45D-A643-6EBD0421D5AA}.Release|Any CPU.Build.0 = Release|Any CPU
		{E4D8CE24-B101-5986-90DC-8AF15925515E}.Debug|Any CPU.ActiveCfg = Debug|Any CPU
		{E4D8CE24-B101-5986-90DC-8AF15925515E}.Debug|Any CPU.Build.0 = Debug|Any CPU
		{E4D8CE24-B101-5986-90DC-8AF15925515E}.Release|Any CPU.ActiveCfg = Release|Any CPU
		{E4D8CE24-B101-5986-90DC-8AF15925515E}.Release|Any CPU.Build.0 = Release|Any CPU
		{5AE7EB4B-2866-D003-88A0-F0F7A79513A6}.Debug|Any CPU.ActiveCfg = Debug|Any CPU
		{5AE7EB4B-2866-D003-88A0-F0F7A79513A6}.Debug|Any CPU.Build.0 = Debug|Any CPU
		{5AE7EB4B-2866-D003-88A0-F0F7A79513A6}.Release|Any CPU.ActiveCfg = Release|Any CPU
		{5AE7EB4B-2866-D003-88A0-F0F7A79513A6}.Release|Any CPU.Build.0 = Release|Any CPU
		{6EC35EB0-9765-6847-4E90-926DDB98C61C}.Debug|Any CPU.ActiveCfg = Debug|Any CPU
		{6EC35EB0-9765-6847-4E90-926DDB98C61C}.Debug|Any CPU.Build.0 = Debug|Any CPU
		{6EC35EB0-9765-6847-4E90-926DDB98C61C}.Release|Any CPU.ActiveCfg = Release|Any CPU
		{6EC35EB0-9765-6847-4E90-926DDB98C61C}.Release|Any CPU.Build.0 = Release|Any CPU
		{201C2C29-C7A2-3C72-5BA4-484FC6B35FCD}.Debug|Any CPU.ActiveCfg = Debug|Any CPU
		{201C2C29-C7A2-3C72-5BA4-484FC6B35FCD}.Debug|Any CPU.Build.0 = Debug|Any CPU
		{201C2C29-C7A2-3C72-5BA4-484FC6B35FCD}.Release|Any CPU.ActiveCfg = Release|Any CPU
		{201C2C29-C7A2-3C72-5BA4-484FC6B35FCD}.Release|Any CPU.Build.0 = Release|Any CPU
		{90C492D5-6787-713B-5AE4-15BA1C804666}.Debug|Any CPU.ActiveCfg = Debug|Any CPU
		{90C492D5-6787-713B-5AE4-15BA1C804666}.Debug|Any CPU.Build.0 = Debug|Any CPU
		{90C492D5-6787-713B-5AE4-15BA1C804666}.Release|Any CPU.ActiveCfg = Release|Any CPU
		{90C492D5-6787-713B-5AE4-15BA1C804666}.Release|Any CPU.Build.0 = Release|Any CPU
		{9BA1A0DD-768C-ACAC-927E-B03B16A1961B}.Debug|Any CPU.ActiveCfg = Debug|Any CPU
		{9BA1A0DD-768C-ACAC-927E-B03B16A1961B}.Debug|Any CPU.Build.0 = Debug|Any CPU
		{9BA1A0DD-768C-ACAC-927E-B03B16A1961B}.Release|Any CPU.ActiveCfg = Release|Any CPU
		{9BA1A0DD-768C-ACAC-927E-B03B16A1961B}.Release|Any CPU.Build.0 = Release|Any CPU
		{E54AB8FE-5437-8E9C-A00B-AB94A0CBC73A}.Debug|Any CPU.ActiveCfg = Debug|Any CPU
		{E54AB8FE-5437-8E9C-A00B-AB94A0CBC73A}.Debug|Any CPU.Build.0 = Debug|Any CPU
		{E54AB8FE-5437-8E9C-A00B-AB94A0CBC73A}.Release|Any CPU.ActiveCfg = Release|Any CPU
		{E54AB8FE-5437-8E9C-A00B-AB94A0CBC73A}.Release|Any CPU.Build.0 = Release|Any CPU
		{A6ABD203-8DF2-D845-4A2A-FA5120EBE058}.Debug|Any CPU.ActiveCfg = Debug|Any CPU
		{A6ABD203-8DF2-D845-4A2A-FA5120EBE058}.Debug|Any CPU.Build.0 = Debug|Any CPU
		{A6ABD203-8DF2-D845-4A2A-FA5120EBE058}.Release|Any CPU.ActiveCfg = Release|Any CPU
		{A6ABD203-8DF2-D845-4A2A-FA5120EBE058}.Release|Any CPU.Build.0 = Release|Any CPU
		{8B46689D-77EC-6CC1-2D24-1B7C4E0E65FA}.Debug|Any CPU.ActiveCfg = Debug|Any CPU
		{8B46689D-77EC-6CC1-2D24-1B7C4E0E65FA}.Debug|Any CPU.Build.0 = Debug|Any CPU
		{8B46689D-77EC-6CC1-2D24-1B7C4E0E65FA}.Release|Any CPU.ActiveCfg = Release|Any CPU
		{8B46689D-77EC-6CC1-2D24-1B7C4E0E65FA}.Release|Any CPU.Build.0 = Release|Any CPU
		{E079B2DC-CB9A-9112-30D4-45A439BF68AA}.Debug|Any CPU.ActiveCfg = Debug|Any CPU
		{E079B2DC-CB9A-9112-30D4-45A439BF68AA}.Debug|Any CPU.Build.0 = Debug|Any CPU
		{E079B2DC-CB9A-9112-30D4-45A439BF68AA}.Release|Any CPU.ActiveCfg = Release|Any CPU
		{E079B2DC-CB9A-9112-30D4-45A439BF68AA}.Release|Any CPU.Build.0 = Release|Any CPU
		{41CBA0A1-720D-AC31-2026-6C4AD6B57108}.Debug|Any CPU.ActiveCfg = Debug|Any CPU
		{41CBA0A1-720D-AC31-2026-6C4AD6B57108}.Debug|Any CPU.Build.0 = Debug|Any CPU
		{41CBA0A1-720D-AC31-2026-6C4AD6B57108}.Release|Any CPU.ActiveCfg = Release|Any CPU
		{41CBA0A1-720D-AC31-2026-6C4AD6B57108}.Release|Any CPU.Build.0 = Release|Any CPU
		{9DAAC6F2-8638-643A-A7EB-ADF5140492B1}.Debug|Any CPU.ActiveCfg = Debug|Any CPU
		{9DAAC6F2-8638-643A-A7EB-ADF5140492B1}.Debug|Any CPU.Build.0 = Debug|Any CPU
		{9DAAC6F2-8638-643A-A7EB-ADF5140492B1}.Release|Any CPU.ActiveCfg = Release|Any CPU
		{9DAAC6F2-8638-643A-A7EB-ADF5140492B1}.Release|Any CPU.Build.0 = Release|Any CPU
		{589DD287-3E78-C44C-B767-788FBB43A403}.Debug|Any CPU.ActiveCfg = Debug|Any CPU
		{589DD287-3E78-C44C-B767-788FBB43A403}.Debug|Any CPU.Build.0 = Debug|Any CPU
		{589DD287-3E78-C44C-B767-788FBB43A403}.Release|Any CPU.ActiveCfg = Release|Any CPU
		{589DD287-3E78-C44C-B767-788FBB43A403}.Release|Any CPU.Build.0 = Release|Any CPU
		{FEDB7EDA-2F2C-653C-808E-2A4F4FA460BF}.Debug|Any CPU.ActiveCfg = Debug|Any CPU
		{FEDB7EDA-2F2C-653C-808E-2A4F4FA460BF}.Debug|Any CPU.Build.0 = Debug|Any CPU
		{FEDB7EDA-2F2C-653C-808E-2A4F4FA460BF}.Release|Any CPU.ActiveCfg = Release|Any CPU
		{FEDB7EDA-2F2C-653C-808E-2A4F4FA460BF}.Release|Any CPU.Build.0 = Release|Any CPU
		{FB842E66-F5FE-B3F8-C329-B4E72E317ED0}.Debug|Any CPU.ActiveCfg = Debug|Any CPU
		{FB842E66-F5FE-B3F8-C329-B4E72E317ED0}.Debug|Any CPU.Build.0 = Debug|Any CPU
		{FB842E66-F5FE-B3F8-C329-B4E72E317ED0}.Release|Any CPU.ActiveCfg = Release|Any CPU
		{FB842E66-F5FE-B3F8-C329-B4E72E317ED0}.Release|Any CPU.Build.0 = Release|Any CPU
		{97F29BD1-8F08-6778-873D-AD2BD225B2D0}.Debug|Any CPU.ActiveCfg = Debug|Any CPU
		{97F29BD1-8F08-6778-873D-AD2BD225B2D0}.Debug|Any CPU.Build.0 = Debug|Any CPU
		{97F29BD1-8F08-6778-873D-AD2BD225B2D0}.Release|Any CPU.ActiveCfg = Release|Any CPU
		{97F29BD1-8F08-6778-873D-AD2BD225B2D0}.Release|Any CPU.Build.0 = Release|Any CPU
		{316DA3CD-3C86-2C42-1A80-D6EF1C3617AB}.Debug|Any CPU.ActiveCfg = Debug|Any CPU
		{316DA3CD-3C86-2C42-1A80-D6EF1C3617AB}.Debug|Any CPU.Build.0 = Debug|Any CPU
		{316DA3CD-3C86-2C42-1A80-D6EF1C3617AB}.Release|Any CPU.ActiveCfg = Release|Any CPU
		{316DA3CD-3C86-2C42-1A80-D6EF1C3617AB}.Release|Any CPU.Build.0 = Release|Any CPU
		{2C1D38CC-78F6-6B5B-DFFC-C76CC3DE40D5}.Debug|Any CPU.ActiveCfg = Debug|Any CPU
		{2C1D38CC-78F6-6B5B-DFFC-C76CC3DE40D5}.Debug|Any CPU.Build.0 = Debug|Any CPU
		{2C1D38CC-78F6-6B5B-DFFC-C76CC3DE40D5}.Release|Any CPU.ActiveCfg = Release|Any CPU
		{2C1D38CC-78F6-6B5B-DFFC-C76CC3DE40D5}.Release|Any CPU.Build.0 = Release|Any CPU
		{41C56519-2EF4-B896-0BDD-9E5C917869B2}.Debug|Any CPU.ActiveCfg = Debug|Any CPU
		{41C56519-2EF4-B896-0BDD-9E5C917869B2}.Debug|Any CPU.Build.0 = Debug|Any CPU
		{41C56519-2EF4-B896-0BDD-9E5C917869B2}.Release|Any CPU.ActiveCfg = Release|Any CPU
		{41C56519-2EF4-B896-0BDD-9E5C917869B2}.Release|Any CPU.Build.0 = Release|Any CPU
		{241E6DC1-C5EC-4113-AE9C-17447D27A74E}.Debug|Any CPU.ActiveCfg = Debug|Any CPU
		{241E6DC1-C5EC-4113-AE9C-17447D27A74E}.Debug|Any CPU.Build.0 = Debug|Any CPU
		{241E6DC1-C5EC-4113-AE9C-17447D27A74E}.Release|Any CPU.ActiveCfg = Release|Any CPU
		{241E6DC1-C5EC-4113-AE9C-17447D27A74E}.Release|Any CPU.Build.0 = Release|Any CPU
		{E2F2CDDD-BC55-B9CC-D149-ECF4F1341BEA}.Debug|Any CPU.ActiveCfg = Debug|Any CPU
		{E2F2CDDD-BC55-B9CC-D149-ECF4F1341BEA}.Debug|Any CPU.Build.0 = Debug|Any CPU
		{E2F2CDDD-BC55-B9CC-D149-ECF4F1341BEA}.Release|Any CPU.ActiveCfg = Release|Any CPU
		{E2F2CDDD-BC55-B9CC-D149-ECF4F1341BEA}.Release|Any CPU.Build.0 = Release|Any CPU
		{4E37B05E-338C-4E6D-D96D-D4F79E886FBC}.Debug|Any CPU.ActiveCfg = Debug|Any CPU
		{4E37B05E-338C-4E6D-D96D-D4F79E886FBC}.Debug|Any CPU.Build.0 = Debug|Any CPU
		{4E37B05E-338C-4E6D-D96D-D4F79E886FBC}.Release|Any CPU.ActiveCfg = Release|Any CPU
		{4E37B05E-338C-4E6D-D96D-D4F79E886FBC}.Release|Any CPU.Build.0 = Release|Any CPU
		{9A264DDA-8409-0F9B-6D29-AA000C59568E}.Debug|Any CPU.ActiveCfg = Debug|Any CPU
		{9A264DDA-8409-0F9B-6D29-AA000C59568E}.Debug|Any CPU.Build.0 = Debug|Any CPU
		{9A264DDA-8409-0F9B-6D29-AA000C59568E}.Release|Any CPU.ActiveCfg = Release|Any CPU
		{9A264DDA-8409-0F9B-6D29-AA000C59568E}.Release|Any CPU.Build.0 = Release|Any CPU
		{61120B1E-0E01-03D8-F541-B62B201F20EF}.Debug|Any CPU.ActiveCfg = Debug|Any CPU
		{61120B1E-0E01-03D8-F541-B62B201F20EF}.Debug|Any CPU.Build.0 = Debug|Any CPU
		{61120B1E-0E01-03D8-F541-B62B201F20EF}.Release|Any CPU.ActiveCfg = Release|Any CPU
		{61120B1E-0E01-03D8-F541-B62B201F20EF}.Release|Any CPU.Build.0 = Release|Any CPU
		{E354808E-9FD0-FA2D-44C1-FADF432248F8}.Debug|Any CPU.ActiveCfg = Debug|Any CPU
		{E354808E-9FD0-FA2D-44C1-FADF432248F8}.Debug|Any CPU.Build.0 = Debug|Any CPU
		{E354808E-9FD0-FA2D-44C1-FADF432248F8}.Release|Any CPU.ActiveCfg = Release|Any CPU
		{E354808E-9FD0-FA2D-44C1-FADF432248F8}.Release|Any CPU.Build.0 = Release|Any CPU
		{1761BE9B-BD71-DD1E-128F-126647092FB2}.Debug|Any CPU.ActiveCfg = Debug|Any CPU
		{1761BE9B-BD71-DD1E-128F-126647092FB2}.Debug|Any CPU.Build.0 = Debug|Any CPU
		{1761BE9B-BD71-DD1E-128F-126647092FB2}.Release|Any CPU.ActiveCfg = Release|Any CPU
		{1761BE9B-BD71-DD1E-128F-126647092FB2}.Release|Any CPU.Build.0 = Release|Any CPU
		{9919AD89-79CC-C431-BC97-8D8325042E94}.Debug|Any CPU.ActiveCfg = Debug|Any CPU
		{9919AD89-79CC-C431-BC97-8D8325042E94}.Debug|Any CPU.Build.0 = Debug|Any CPU
		{9919AD89-79CC-C431-BC97-8D8325042E94}.Release|Any CPU.ActiveCfg = Release|Any CPU
		{9919AD89-79CC-C431-BC97-8D8325042E94}.Release|Any CPU.Build.0 = Release|Any CPU
		{4300B468-CF63-5513-0A38-7EE792A2EC17}.Debug|Any CPU.ActiveCfg = Debug|Any CPU
		{4300B468-CF63-5513-0A38-7EE792A2EC17}.Debug|Any CPU.Build.0 = Debug|Any CPU
		{4300B468-CF63-5513-0A38-7EE792A2EC17}.Release|Any CPU.ActiveCfg = Release|Any CPU
		{4300B468-CF63-5513-0A38-7EE792A2EC17}.Release|Any CPU.Build.0 = Release|Any CPU
		{7FA1B060-94BB-1247-B114-539712267F39}.Debug|Any CPU.ActiveCfg = Debug|Any CPU
		{7FA1B060-94BB-1247-B114-539712267F39}.Debug|Any CPU.Build.0 = Debug|Any CPU
		{7FA1B060-94BB-1247-B114-539712267F39}.Release|Any CPU.ActiveCfg = Release|Any CPU
		{7FA1B060-94BB-1247-B114-539712267F39}.Release|Any CPU.Build.0 = Release|Any CPU
		{2FC7F038-5206-AC1B-E79A-E7EF770F03D5}.Debug|Any CPU.ActiveCfg = Debug|Any CPU
		{2FC7F038-5206-AC1B-E79A-E7EF770F03D5}.Debug|Any CPU.Build.0 = Debug|Any CPU
		{2FC7F038-5206-AC1B-E79A-E7EF770F03D5}.Release|Any CPU.ActiveCfg = Release|Any CPU
		{2FC7F038-5206-AC1B-E79A-E7EF770F03D5}.Release|Any CPU.Build.0 = Release|Any CPU
	EndGlobalSection
	GlobalSection(SolutionProperties) = preSolution
		HideSolutionNode = FALSE
	EndGlobalSection
EndGlobal
