
Microsoft Visual Studio Solution File, Format Version 12.00
# Visual Studio 15
Project("{FAE04EC0-301F-11D3-BF4B-00C04F79EFBC}") = "Unity.Polybrush.Editor", "Unity.Polybrush.Editor.csproj", "{8ACD52F1-B7FE-C925-2E2C-E574D45BC3FE}"
EndProject
Project("{FAE04EC0-301F-11D3-BF4B-00C04F79EFBC}") = "Unity.Timeline", "Unity.Timeline.csproj", "{DFF49041-3B57-1D3E-8E9B-197DA9AFEA83}"
EndProject
Project("{FAE04EC0-301F-11D3-BF4B-00C04F79EFBC}") = "Unity.TerrainTools.Editor", "Unity.TerrainTools.Editor.csproj", "{0F65CBE6-B525-E2C6-A9E4-395F807E95A9}"
EndProject
Project("{FAE04EC0-301F-11D3-BF4B-00C04F79EFBC}") = "Unity.ShaderGraph.Editor", "Unity.ShaderGraph.Editor.csproj", "{9766746A-05BA-B5BB-94DA-46293D23FD85}"
EndProject
Project("{FAE04EC0-301F-11D3-BF4B-00C04F79EFBC}") = "Unity.Serialization", "Unity.Serialization.csproj", "{82FB31A2-BC89-0B9F-E8E5-194E67D115B2}"
EndProject
Project("{FAE04EC0-301F-11D3-BF4B-00C04F79EFBC}") = "Unity.VisualScripting.Flow", "Unity.VisualScripting.Flow.csproj", "{80FAE7B0-1397-86D8-9F22-6A02B8E1CFB9}"
EndProject
Project("{FAE04EC0-301F-11D3-BF4B-00C04F79EFBC}") = "Unity.RenderPipelines.Universal.Runtime", "Unity.RenderPipelines.Universal.Runtime.csproj", "{7AAADD9B-358E-B31B-5C43-6D9F7DC9EBC4}"
EndProject
Project("{FAE04EC0-301F-11D3-BF4B-00C04F79EFBC}") = "Unity.ProBuilder", "Unity.ProBuilder.csproj", "{52C5ED3C-FF0F-778F-4A1A-AE5A1B91C39C}"
EndProject
Project("{FAE04EC0-301F-11D3-BF4B-00C04F79EFBC}") = "UnityEditor.UI", "UnityEditor.UI.csproj", "{8C36B91B-5FE8-DBD2-DA87-3C271E3928A3}"
EndProject
Project("{FAE04EC0-301F-11D3-BF4B-00C04F79EFBC}") = "Unity.Timeline.Editor", "Unity.Timeline.Editor.csproj", "{F10D6CEE-04AD-03C8-B2B5-6F3A3972314B}"
EndProject
Project("{FAE04EC0-301F-11D3-BF4B-00C04F79EFBC}") = "Unity.Physics", "Unity.Physics.csproj", "{4EB7023A-5ECA-6E97-4E8E-E06B3D87D2B2}"
EndProject
Project("{FAE04EC0-301F-11D3-BF4B-00C04F79EFBC}") = "Unity.RenderPipelines.Core.Runtime", "Unity.RenderPipelines.Core.Runtime.csproj", "{4FA345DB-1F63-4428-A66E-CA8F61B6DE37}"
EndProject
Project("{FAE04EC0-301F-11D3-BF4B-00C04F79EFBC}") = "Unity.ScriptableBuildPipeline.Editor", "Unity.ScriptableBuildPipeline.Editor.csproj", "{8839E134-7D71-12E9-FC76-D0438AEB4B1A}"
EndProject
Project("{FAE04EC0-301F-11D3-BF4B-00C04F79EFBC}") = "Unity.Mathematics", "Unity.Mathematics.csproj", "{EB682066-F9E7-C3FB-DA3E-6D734092DBE4}"
EndProject
Project("{FAE04EC0-301F-11D3-BF4B-00C04F79EFBC}") = "Unity.RenderPipelines.Core.Editor", "Unity.RenderPipelines.Core.Editor.csproj", "{49158523-149D-875D-ED9D-5A8A68922030}"
EndProject
Project("{FAE04EC0-301F-11D3-BF4B-00C04F79EFBC}") = "Unity.VisualScripting.Core.Editor", "Unity.VisualScripting.Core.Editor.csproj", "{7D41A01A-1537-7EEB-843B-A075BC905890}"
EndProject
Project("{FAE04EC0-301F-11D3-BF4B-00C04F79EFBC}") = "Unity.Physics.Hybrid", "Unity.Physics.Hybrid.csproj", "{243151E9-028A-BFD2-EFBA-0B74248552FF}"
EndProject
Project("{FAE04EC0-301F-11D3-BF4B-00C04F79EFBC}") = "Unity.Collections", "Unity.Collections.csproj", "{5C982AD5-28E2-6B53-4716-D3D5CCD8D852}"
EndProject
Project("{FAE04EC0-301F-11D3-BF4B-00C04F79EFBC}") = "UnityEditor.TestRunner", "UnityEditor.TestRunner.csproj", "{0F088FF0-EEB1-3FAB-A430-C04634181BEE}"
EndProject
Project("{FAE04EC0-301F-11D3-BF4B-00C04F79EFBC}") = "Unity.ProBuilder.Poly2Tri", "Unity.ProBuilder.Poly2Tri.csproj", "{2CA6B1DA-4CDE-6DDD-CB63-9F6A2BCE0F72}"
EndProject
Project("{FAE04EC0-301F-11D3-BF4B-00C04F79EFBC}") = "Unity.Polybrush", "Unity.Polybrush.csproj", "{F116790D-3A87-654B-8A91-1E59C3E13C6E}"
EndProject
Project("{FAE04EC0-301F-11D3-BF4B-00C04F79EFBC}") = "Unity.Entities.UI.Editor", "Unity.Entities.UI.Editor.csproj", "{2C1E899D-E620-786E-C7C4-A5EC52CB8145}"
EndProject
Project("{FAE04EC0-301F-11D3-BF4B-00C04F79EFBC}") = "Unity.RenderPipelines.Universal.Editor", "Unity.RenderPipelines.Universal.Editor.csproj", "{56F139C1-8A62-F915-50DA-D4F780D503F9}"
EndProject
Project("{FAE04EC0-301F-11D3-BF4B-00C04F79EFBC}") = "Unity.PerformanceTesting.Editor", "Unity.PerformanceTesting.Editor.csproj", "{C79EC72A-369F-3681-1FF7-D43F272BBE58}"
EndProject
Project("{FAE04EC0-301F-11D3-BF4B-00C04F79EFBC}") = "Unity.TextMeshPro.Editor", "Unity.TextMeshPro.Editor.csproj", "{E1EA0358-51FF-A891-4C97-EC8B612AB4D7}"
EndProject
Project("{FAE04EC0-301F-11D3-BF4B-00C04F79EFBC}") = "Unity.VisualScripting.Flow.Editor", "Unity.VisualScripting.Flow.Editor.csproj", "{26E7EE46-529F-EDE5-8867-C91C3D45AA96}"
EndProject
Project("{FAE04EC0-301F-11D3-BF4B-00C04F79EFBC}") = "UnityEngine.TestRunner", "UnityEngine.TestRunner.csproj", "{FF3F9447-0AAB-A0F9-C701-DC998389A1CD}"
EndProject
Project("{FAE04EC0-301F-11D3-BF4B-00C04F79EFBC}") = "Unity.VisualScripting.Core", "Unity.VisualScripting.Core.csproj", "{C9E5188F-50F2-152C-D1FC-EE8E73152702}"
EndProject
Project("{FAE04EC0-301F-11D3-BF4B-00C04F79EFBC}") = "Unity.Searcher.Editor", "Unity.Searcher.Editor.csproj", "{824D3EAE-368C-C667-4A73-16A2942D60CC}"
EndProject
Project("{FAE04EC0-301F-11D3-BF4B-00C04F79EFBC}") = "Unity.Burst", "Unity.Burst.csproj", "{728CA4E8-F0B9-1E28-4DE7-9BAF099757CE}"
EndProject
Project("{FAE04EC0-301F-11D3-BF4B-00C04F79EFBC}") = "Unity.Entities", "Unity.Entities.csproj", "{AA6D469E-6DF5-13A7-E131-B495C1924D80}"
EndProject
Project("{FAE04EC0-301F-11D3-BF4B-00C04F79EFBC}") = "Autodesk.Fbx", "Autodesk.Fbx.csproj", "{33F09391-19F1-C8A0-741F-0751AE8F926E}"
EndProject
Project("{FAE04EC0-301F-11D3-BF4B-00C04F79EFBC}") = "Unity.ProBuilder.Csg", "Unity.ProBuilder.Csg.csproj", "{3CD26BFF-ECE6-47B2-690A-1F47EA5F0ED5}"
EndProject
Project("{FAE04EC0-301F-11D3-BF4B-00C04F79EFBC}") = "Unity.AI.Navigation.Editor", "Unity.AI.Navigation.Editor.csproj", "{AD1DCAB5-A4E6-3D4E-1525-75DDE6E0E85C}"
EndProject
Project("{FAE04EC0-301F-11D3-BF4B-00C04F79EFBC}") = "Cinemachine", "Cinemachine.csproj", "{2659E764-090E-F14C-EB7B-0AF04CDDFB87}"
EndProject
Project("{FAE04EC0-301F-11D3-BF4B-00C04F79EFBC}") = "Unity.VisualStudio.Editor", "Unity.VisualStudio.Editor.csproj", "{D6E085FB-1B78-B594-40C2-8FE23432B4FC}"
EndProject
Project("{FAE04EC0-301F-11D3-BF4B-00C04F79EFBC}") = "PPv2URPConverters", "PPv2URPConverters.csproj", "{4B2D2AF8-9BD4-C268-B224-D6D97B9B2143}"
EndProject
Project("{FAE04EC0-301F-11D3-BF4B-00C04F79EFBC}") = "Unity.Scenes", "Unity.Scenes.csproj", "{09BF49AC-91FC-77D8-620F-E1F8C5737A71}"
EndProject
Project("{FAE04EC0-301F-11D3-BF4B-00C04F79EFBC}") = "Unity.Entities.Editor", "Unity.Entities.Editor.csproj", "{B5031EBD-5EA0-C6ED-7FF1-909D5B1B5E60}"
EndProject
Project("{FAE04EC0-301F-11D3-BF4B-00C04F79EFBC}") = "Unity.Entities.CodeGen", "Unity.Entities.CodeGen.csproj", "{BE6C89DA-6BEB-F1D1-4FA0-905582606C78}"
EndProject
Project("{FAE04EC0-301F-11D3-BF4B-00C04F79EFBC}") = "Unity.TestTools.CodeCoverage.Editor.OpenCover.Model", "Unity.TestTools.CodeCoverage.Editor.OpenCover.Model.csproj", "{96F59225-8697-D18F-7039-C4855389590E}"
EndProject
Project("{FAE04EC0-301F-11D3-BF4B-00C04F79EFBC}") = "Unity.Rider.Editor", "Unity.Rider.Editor.csproj", "{CBFC910D-E71E-4281-707A-77E3B1094381}"
EndProject
Project("{FAE04EC0-301F-11D3-BF4B-00C04F79EFBC}") = "Unity.InternalAPIEngineBridge.002", "Unity.InternalAPIEngineBridge.002.csproj", "{CE42DBA7-54CD-7867-A436-DE34F18A30D4}"
EndProject
Project("{FAE04EC0-301F-11D3-BF4B-00C04F79EFBC}") = "Unity.ProBuilder.Editor", "Unity.ProBuilder.Editor.csproj", "{DF55E4BC-00CA-8026-B80D-54343170DC85}"
EndProject
Project("{FAE04EC0-301F-11D3-BF4B-00C04F79EFBC}") = "Unity.AI.Navigation.Editor.ConversionSystem", "Unity.AI.Navigation.Editor.ConversionSystem.csproj", "{A355CDE3-6590-DD53-13AD-06B58BF4836D}"
EndProject
Project("{FAE04EC0-301F-11D3-BF4B-00C04F79EFBC}") = "Unity.VisualScripting.State.Editor", "Unity.VisualScripting.State.Editor.csproj", "{8630B420-DFFE-D7EF-7D61-CD5516D10812}"
EndProject
Project("{FAE04EC0-301F-11D3-BF4B-00C04F79EFBC}") = "com.unity.cinemachine.editor", "com.unity.cinemachine.editor.csproj", "{2900097D-4D45-9D80-53AC-734D676DD7DD}"
EndProject
Project("{FAE04EC0-301F-11D3-BF4B-00C04F79EFBC}") = "UnityEngine.UI", "UnityEngine.UI.csproj", "{476A96F6-6E95-A558-CD47-D0062D3EDB96}"
EndProject
Project("{FAE04EC0-301F-11D3-BF4B-00C04F79EFBC}") = "Unity.TestTools.CodeCoverage.Editor", "Unity.TestTools.CodeCoverage.Editor.csproj", "{93F893AD-6FF1-5AC3-DCD8-C688ED669579}"
EndProject
Project("{FAE04EC0-301F-11D3-BF4B-00C04F79EFBC}") = "Unity.Burst.CodeGen", "Unity.Burst.CodeGen.csproj", "{BE49AA01-E61D-B06A-E3A0-0AECDF03F76F}"
EndProject
Project("{FAE04EC0-301F-11D3-BF4B-00C04F79EFBC}") = "Unity.Postprocessing.Runtime", "Unity.Postprocessing.Runtime.csproj", "{BB57A82F-558E-7C2F-F406-045BAE606C1F}"
EndProject
Project("{FAE04EC0-301F-11D3-BF4B-00C04F79EFBC}") = "Unity.RenderPipeline.Universal.ShaderLibrary", "Unity.RenderPipeline.Universal.ShaderLibrary.csproj", "{51960186-B815-88F1-29DB-931B27067BC8}"
EndProject
Project("{FAE04EC0-301F-11D3-BF4B-00C04F79EFBC}") = "Unity.PerformanceTesting", "Unity.PerformanceTesting.csproj", "{7280EF30-DF0A-37F7-41AF-98F555AECA45}"
EndProject
Project("{FAE04EC0-301F-11D3-BF4B-00C04F79EFBC}") = "Unity.Postprocessing.Editor", "Unity.Postprocessing.Editor.csproj", "{943349D7-D214-9DF6-6578-D7D862A75533}"
EndProject
Project("{FAE04EC0-301F-11D3-BF4B-00C04F79EFBC}") = "Unity.Entities.Hybrid", "Unity.Entities.Hybrid.csproj", "{6D7C9606-FD03-6A2B-4ECE-C6BDC35B87DF}"
EndProject
Project("{FAE04EC0-301F-11D3-BF4B-00C04F79EFBC}") = "Unity.VisualScripting.State", "Unity.VisualScripting.State.csproj", "{4C7C9BF0-8889-F3AA-313C-1D294C536EC1}"
EndProject
Project("{FAE04EC0-301F-11D3-BF4B-00C04F79EFBC}") = "Unity.AI.Navigation", "Unity.AI.Navigation.csproj", "{8CAB2910-A120-60A9-1B81-2E42433E6C2B}"
EndProject
Project("{FAE04EC0-301F-11D3-BF4B-00C04F79EFBC}") = "Unity.Formats.Fbx.Runtime", "Unity.Formats.Fbx.Runtime.csproj", "{F00C7FAE-7DE2-AB4C-666F-1CEB3BA183D4}"
EndProject
Project("{FAE04EC0-301F-11D3-BF4B-00C04F79EFBC}") = "Assembly-CSharp", "Assembly-CSharp.csproj", "{D19784DD-37AB-F45D-A643-6EBD0421D5AA}"
EndProject
Project("{FAE04EC0-301F-11D3-BF4B-00C04F79EFBC}") = "Unity.TextMeshPro", "Unity.TextMeshPro.csproj", "{E4D8CE24-B101-5986-90DC-8AF15925515E}"
EndProject
Project("{FAE04EC0-301F-11D3-BF4B-00C04F79EFBC}") = "Unity.Entities.Build", "Unity.Entities.Build.csproj", "{10F2B0D9-87D0-59ED-7825-2A0DC60A49F6}"
EndProject
Project("{FAE04EC0-301F-11D3-BF4B-00C04F79EFBC}") = "Unity.Performance.Profile-Analyzer.Editor", "Unity.Performance.Profile-Analyzer.Editor.csproj", "{137B7B27-33AA-2F89-6A25-70590F3FF5D3}"
EndProject
Project("{FAE04EC0-301F-11D3-BF4B-00C04F79EFBC}") = "Unity.Scenes.Editor", "Unity.Scenes.Editor.csproj", "{69BE1E6A-91E7-B8AC-10CF-CD82841C0D1F}"
EndProject
Project("{FAE04EC0-301F-11D3-BF4B-00C04F79EFBC}") = "Unity.InternalAPIEditorBridge.002", "Unity.InternalAPIEditorBridge.002.csproj", "{10D6FFDB-11BC-78D2-E4BF-FE9CE6B115FC}"
EndProject
Project("{FAE04EC0-301F-11D3-BF4B-00C04F79EFBC}") = "Unity.VisualScripting.SettingsProvider.Editor", "Unity.VisualScripting.SettingsProvider.Editor.csproj", "{D37E5290-4707-F763-FFF2-C86A18AA7E13}"
EndProject
Project("{FAE04EC0-301F-11D3-BF4B-00C04F79EFBC}") = "Unity.VSCode.Editor", "Unity.VSCode.Editor.csproj", "{5AE7EB4B-2866-D003-88A0-F0F7A79513A6}"
EndProject
Project("{FAE04EC0-301F-11D3-BF4B-00C04F79EFBC}") = "Unity.Play.Publisher.Editor", "Unity.Play.Publisher.Editor.csproj", "{13254D35-B5FB-9975-3342-7EAFAAA56BE7}"
EndProject
Project("{FAE04EC0-301F-11D3-BF4B-00C04F79EFBC}") = "Unity.Burst.Editor", "Unity.Burst.Editor.csproj", "{6EC35EB0-9765-6847-4E90-926DDB98C61C}"
EndProject
Project("{FAE04EC0-301F-11D3-BF4B-00C04F79EFBC}") = "Unity.TestTools.CodeCoverage.Editor.OpenCover.Mono.Reflection", "Unity.TestTools.CodeCoverage.Editor.OpenCover.Mono.Reflection.csproj", "{D70B290D-43A0-64FB-CB0F-2917827A4DDE}"
EndProject
Project("{FAE04EC0-301F-11D3-BF4B-00C04F79EFBC}") = "Unity.Sysroot.Linux_x86_64", "Unity.Sysroot.Linux_x86_64.csproj", "{201C2C29-C7A2-3C72-5BA4-484FC6B35FCD}"
EndProject
Project("{FAE04EC0-301F-11D3-BF4B-00C04F79EFBC}") = "Unity.Formats.Fbx.Editor", "Unity.Formats.Fbx.Editor.csproj", "{ACD469DC-622C-7C84-8C27-5BD16745107D}"
EndProject
Project("{FAE04EC0-301F-11D3-BF4B-00C04F79EFBC}") = "Unity.AI.Navigation.Updater", "Unity.AI.Navigation.Updater.csproj", "{90C492D5-6787-713B-5AE4-15BA1C804666}"
EndProject
Project("{FAE04EC0-301F-11D3-BF4B-00C04F79EFBC}") = "Unity.Physics.Editor", "Unity.Physics.Editor.csproj", "{A5A2BFF3-3D23-2C5E-2414-763A69CC6BA4}"
EndProject
Project("{FAE04EC0-301F-11D3-BF4B-00C04F79EFBC}") = "Unity.ProBuilder.Stl", "Unity.ProBuilder.Stl.csproj", "{9BA1A0DD-768C-ACAC-927E-B03B16A1961B}"
EndProject
Project("{FAE04EC0-301F-11D3-BF4B-00C04F79EFBC}") = "Unity.Settings.Editor", "Unity.Settings.Editor.csproj", "{E54AB8FE-5437-8E9C-A00B-AB94A0CBC73A}"
EndProject
Project("{FAE04EC0-301F-11D3-BF4B-00C04F79EFBC}") = "Unity.Entities.Editor.Properties", "Unity.Entities.Editor.Properties.csproj", "{33FD2DA7-4C5D-05A9-B8D4-8D56895A04FF}"
EndProject
Project("{FAE04EC0-301F-11D3-BF4B-00C04F79EFBC}") = "Unity.2D.PixelPerfect", "Unity.2D.PixelPerfect.csproj", "{6ED951F6-A83B-EF1B-580A-FAF6F758D46A}"
EndProject
Project("{FAE04EC0-301F-11D3-BF4B-00C04F79EFBC}") = "Unity.2D.PixelPerfect.Editor", "Unity.2D.PixelPerfect.Editor.csproj", "{5D7D5F57-7D26-1445-7A3A-7273290CE36C}"
EndProject
Project("{FAE04EC0-301F-11D3-BF4B-00C04F79EFBC}") = "UnityEditor.CacheServer", "UnityEditor.CacheServer.csproj", "{B5D9329C-8E06-29CB-7DA9-CA932E3253BA}"
EndProject
Project("{FAE04EC0-301F-11D3-BF4B-00C04F79EFBC}") = "Unity.Entities.UI", "Unity.Entities.UI.csproj", "{2C5B8F36-A733-B80D-CE5B-6CF9DF197C85}"
EndProject
Project("{FAE04EC0-301F-11D3-BF4B-00C04F79EFBC}") = "Unity.InternalAPIEditorBridgeDev.001", "Unity.InternalAPIEditorBridgeDev.001.csproj", "{B957229F-173D-8C45-49AF-CD1963371143}"
EndProject
Project("{FAE04EC0-301F-11D3-BF4B-00C04F79EFBC}") = "Unity.ProBuilder.KdTree", "Unity.ProBuilder.KdTree.csproj", "{8B46689D-77EC-6CC1-2D24-1B7C4E0E65FA}"
EndProject
Project("{FAE04EC0-301F-11D3-BF4B-00C04F79EFBC}") = "Unity.ProBuilder.AddOns.Editor", "Unity.ProBuilder.AddOns.Editor.csproj", "{E079B2DC-CB9A-9112-30D4-45A439BF68AA}"
EndProject
Project("{FAE04EC0-301F-11D3-BF4B-00C04F79EFBC}") = "Unity.Mathematics.Extensions", "Unity.Mathematics.Extensions.csproj", "{EC38ADA0-536E-9A3A-040E-6B97B18159C4}"
EndProject
Project("{FAE04EC0-301F-11D3-BF4B-00C04F79EFBC}") = "Unity.Serialization.Editor", "Unity.Serialization.Editor.csproj", "{B4BFBE7C-5713-D636-2E78-73DC9A9C2117}"
EndProject
Project("{FAE04EC0-301F-11D3-BF4B-00C04F79EFBC}") = "Unity.Collections.CodeGen", "Unity.Collections.CodeGen.csproj", "{76238B09-0E69-7FA2-A6DD-B54751E92F31}"
EndProject
Project("{FAE04EC0-301F-11D3-BF4B-00C04F79EFBC}") = "Unity.Mathematics.Editor", "Unity.Mathematics.Editor.csproj", "{41CBA0A1-720D-AC31-2026-6C4AD6B57108}"
EndProject
Project("{FAE04EC0-301F-11D3-BF4B-00C04F79EFBC}") = "Unity.Entities.Hybrid.HybridComponents", "Unity.Entities.Hybrid.HybridComponents.csproj", "{A0A425ED-F8E0-175D-DF7E-9776A4DC4AF0}"
EndProject
Project("{FAE04EC0-301F-11D3-BF4B-00C04F79EFBC}") = "Unity.Transforms", "Unity.Transforms.csproj", "{2A058D61-90DC-91E8-C2C9-FA317770E4C8}"
EndProject
Project("{FAE04EC0-301F-11D3-BF4B-00C04F79EFBC}") = "Unity.Deformations", "Unity.Deformations.csproj", "{BE58755B-A7B1-CA7C-44AA-4821C979D5D1}"
EndProject
Project("{FAE04EC0-301F-11D3-BF4B-00C04F79EFBC}") = "Unity.ProBuilder.AssetIdRemapUtility", "Unity.ProBuilder.AssetIdRemapUtility.csproj", "{A6ABD203-8DF2-D845-4A2A-FA5120EBE058}"
EndProject
Project("{FAE04EC0-301F-11D3-BF4B-00C04F79EFBC}") = "Unity.SysrootPackage.Editor", "Unity.SysrootPackage.Editor.csproj", "{9DAAC6F2-8638-643A-A7EB-ADF5140492B1}"
EndProject
Project("{FAE04EC0-301F-11D3-BF4B-00C04F79EFBC}") = "Unity.ShaderGraph.Utilities", "Unity.ShaderGraph.Utilities.csproj", "{4641FDE5-A543-65C9-F58D-BDAD38BE7703}"
EndProject
Project("{FAE04EC0-301F-11D3-BF4B-00C04F79EFBC}") = "Unity.VisualScripting.Shared.Editor", "Unity.VisualScripting.Shared.Editor.csproj", "{589DD287-3E78-C44C-B767-788FBB43A403}"
EndProject
Project("{FAE04EC0-301F-11D3-BF4B-00C04F79EFBC}") = "Unity.Mathematics.Extensions.Hybrid", "Unity.Mathematics.Extensions.Hybrid.csproj", "{E9379690-86CB-F9A0-DAD9-870DD6E1D843}"
EndProject
Project("{FAE04EC0-301F-11D3-BF4B-00C04F79EFBC}") = "Unity.Profiling.Core", "Unity.Profiling.Core.csproj", "{A305A8E5-DC0D-A644-C555-885D997AA613}"
EndProject
Project("{FAE04EC0-301F-11D3-BF4B-00C04F79EFBC}") = "Unity.Toolchain.Win-x86_64-Linux-x86_64", "Unity.Toolchain.Win-x86_64-Linux-x86_64.csproj", "{FEDB7EDA-2F2C-653C-808E-2A4F4FA460BF}"
EndProject
Project("{FAE04EC0-301F-11D3-BF4B-00C04F79EFBC}") = "Unity.EditorCoroutines.Editor", "Unity.EditorCoroutines.Editor.csproj", "{BC817BA6-07FF-E4EC-3057-9B1C3F26D00C}"
EndProject
Project("{FAE04EC0-301F-11D3-BF4B-00C04F79EFBC}") = "Autodesk.Fbx.Editor", "Autodesk.Fbx.Editor.csproj", "{DFF8ABD9-54AE-11EC-6619-B2735FC79701}"
EndProject
Project("{FAE04EC0-301F-11D3-BF4B-00C04F79EFBC}") = "Unity.ScriptableBuildPipeline", "Unity.ScriptableBuildPipeline.csproj", "{5FF82DDE-DFEE-98E4-F1FE-1999FA3B5B6B}"
EndProject
Project("{FAE04EC0-301F-11D3-BF4B-00C04F79EFBC}") = "Unity.TerrainTools", "Unity.TerrainTools.csproj", "{769EB0D9-85C7-9678-801E-B808E2D2D69F}"
EndProject
Project("{FAE04EC0-301F-11D3-BF4B-00C04F79EFBC}") = "Unity.Core.Editor", "Unity.Core.Editor.csproj", "{4D481781-218B-5638-A77E-98B4E4983287}"
EndProject
Project("{FAE04EC0-301F-11D3-BF4B-00C04F79EFBC}") = "Unity.Transforms.Hybrid", "Unity.Transforms.Hybrid.csproj", "{2BC4EBF2-7117-3BB0-D3E3-24DA47472F1D}"
EndProject
Project("{FAE04EC0-301F-11D3-BF4B-00C04F79EFBC}") = "Unity.Collections.Editor", "Unity.Collections.Editor.csproj", "{5FC16BA2-B75B-6553-70DA-F06CC8507E8C}"
EndProject
Project("{FAE04EC0-301F-11D3-BF4B-00C04F79EFBC}") = "Unity.RenderPipelines.ShaderGraph.ShaderGraphLibrary", "Unity.RenderPipelines.ShaderGraph.ShaderGraphLibrary.csproj", "{A41A84DE-D34A-4681-9475-F0E3FEBF5B67}"
EndProject
Project("{FAE04EC0-301F-11D3-BF4B-00C04F79EFBC}") = "Unity.RenderPipelines.Core.ShaderLibrary", "Unity.RenderPipelines.Core.ShaderLibrary.csproj", "{8E892759-BDBD-6D0F-CD7A-92721A03EDB4}"
EndProject
Project("{FAE04EC0-301F-11D3-BF4B-00C04F79EFBC}") = "FbxBuildTestAssets", "FbxBuildTestAssets.csproj", "{BF884093-12BF-A28D-3A6D-AED06FAA33AF}"
EndProject
Project("{FAE04EC0-301F-11D3-BF4B-00C04F79EFBC}") = "Unity.RenderPipelines.Universal.Shaders", "Unity.RenderPipelines.Universal.Shaders.csproj", "{69AC127B-34C9-24CC-0EDF-DAAEA77F5AE2}"
EndProject
Project("{FAE04EC0-301F-11D3-BF4B-00C04F79EFBC}") = "Unity.Timeline", "Unity.Timeline.Player.csproj", "{3EF5CB2D-192E-C203-B3AD-2B280FA7546B}"
EndProject
Project("{FAE04EC0-301F-11D3-BF4B-00C04F79EFBC}") = "Unity.Serialization", "Unity.Serialization.Player.csproj", "{EA9459BE-D8AA-BDD0-6109-B4A01429DAAE}"
EndProject
Project("{FAE04EC0-301F-11D3-BF4B-00C04F79EFBC}") = "Unity.VisualScripting.Flow", "Unity.VisualScripting.Flow.Player.csproj", "{FB842E66-F5FE-B3F8-C329-B4E72E317ED0}"
EndProject
Project("{FAE04EC0-301F-11D3-BF4B-00C04F79EFBC}") = "Unity.RenderPipelines.Universal.Runtime", "Unity.RenderPipelines.Universal.Runtime.Player.csproj", "{976B7A9E-CB7B-170D-EC25-808BC647EAA1}"
EndProject
Project("{FAE04EC0-301F-11D3-BF4B-00C04F79EFBC}") = "Unity.ProBuilder", "Unity.ProBuilder.Player.csproj", "{97F29BD1-8F08-6778-873D-AD2BD225B2D0}"
EndProject
Project("{FAE04EC0-301F-11D3-BF4B-00C04F79EFBC}") = "Unity.Physics", "Unity.Physics.Player.csproj", "{4797DABD-9934-E3E4-5502-21BD4ACE97BE}"
EndProject
Project("{FAE04EC0-301F-11D3-BF4B-00C04F79EFBC}") = "Unity.RenderPipelines.Core.Runtime", "Unity.RenderPipelines.Core.Runtime.Player.csproj", "{65950B70-6A99-BC96-CDA3-85964A09825F}"
EndProject
Project("{FAE04EC0-301F-11D3-BF4B-00C04F79EFBC}") = "Unity.Mathematics", "Unity.Mathematics.Player.csproj", "{2C1D38CC-78F6-6B5B-DFFC-C76CC3DE40D5}"
EndProject
Project("{FAE04EC0-301F-11D3-BF4B-00C04F79EFBC}") = "Unity.Physics.Hybrid", "Unity.Physics.Hybrid.Player.csproj", "{0DC9D994-947E-24BB-4FB9-0CA687D50B36}"
EndProject
Project("{FAE04EC0-301F-11D3-BF4B-00C04F79EFBC}") = "Unity.Collections", "Unity.Collections.Player.csproj", "{CB7C20C0-0F3A-DAC8-EFAE-FFAF39211327}"
EndProject
Project("{FAE04EC0-301F-11D3-BF4B-00C04F79EFBC}") = "Unity.ProBuilder.Poly2Tri", "Unity.ProBuilder.Poly2Tri.Player.csproj", "{241E6DC1-C5EC-4113-AE9C-17447D27A74E}"
EndProject
Project("{FAE04EC0-301F-11D3-BF4B-00C04F79EFBC}") = "Unity.Polybrush", "Unity.Polybrush.Player.csproj", "{B9C0F84D-4285-B3EE-1A57-099DDDEF9698}"
EndProject
Project("{FAE04EC0-301F-11D3-BF4B-00C04F79EFBC}") = "UnityEngine.TestRunner", "UnityEngine.TestRunner.Player.csproj", "{E2F2CDDD-BC55-B9CC-D149-ECF4F1341BEA}"
EndProject
Project("{FAE04EC0-301F-11D3-BF4B-00C04F79EFBC}") = "Unity.VisualScripting.Core", "Unity.VisualScripting.Core.Player.csproj", "{316DA3CD-3C86-2C42-1A80-D6EF1C3617AB}"
EndProject
Project("{FAE04EC0-301F-11D3-BF4B-00C04F79EFBC}") = "Unity.Burst", "Unity.Burst.Player.csproj", "{4E37B05E-338C-4E6D-D96D-D4F79E886FBC}"
EndProject
Project("{FAE04EC0-301F-11D3-BF4B-00C04F79EFBC}") = "Unity.Entities", "Unity.Entities.Player.csproj", "{66A8B8A9-6198-0365-7DBF-F50C0F3933D9}"
EndProject
Project("{FAE04EC0-301F-11D3-BF4B-00C04F79EFBC}") = "Unity.ProBuilder.Csg", "Unity.ProBuilder.Csg.Player.csproj", "{61120B1E-0E01-03D8-F541-B62B201F20EF}"
EndProject
Project("{FAE04EC0-301F-11D3-BF4B-00C04F79EFBC}") = "Cinemachine", "Cinemachine.Player.csproj", "{41C56519-2EF4-B896-0BDD-9E5C917869B2}"
EndProject
Project("{FAE04EC0-301F-11D3-BF4B-00C04F79EFBC}") = "Unity.Scenes", "Unity.Scenes.Player.csproj", "{50B372B1-2CFC-091E-7199-381F34109239}"
EndProject
Project("{FAE04EC0-301F-11D3-BF4B-00C04F79EFBC}") = "Unity.InternalAPIEngineBridge.002", "Unity.InternalAPIEngineBridge.002.Player.csproj", "{334CC033-CE95-45F8-07AF-1F868FB2B9A2}"
EndProject
Project("{FAE04EC0-301F-11D3-BF4B-00C04F79EFBC}") = "UnityEngine.UI", "UnityEngine.UI.Player.csproj", "{9A264DDA-8409-0F9B-6D29-AA000C59568E}"
EndProject
Project("{FAE04EC0-301F-11D3-BF4B-00C04F79EFBC}") = "Unity.Postprocessing.Runtime", "Unity.Postprocessing.Runtime.Player.csproj", "{943CE653-462B-ACAF-DD7C-C2337EA35BD3}"
EndProject
Project("{FAE04EC0-301F-11D3-BF4B-00C04F79EFBC}") = "Unity.RenderPipeline.Universal.ShaderLibrary", "Unity.RenderPipeline.Universal.ShaderLibrary.Player.csproj", "{F6B1481A-2FF5-8246-BDDC-7B0E01A3C92D}"
EndProject
Project("{FAE04EC0-301F-11D3-BF4B-00C04F79EFBC}") = "Unity.PerformanceTesting", "Unity.PerformanceTesting.Player.csproj", "{5041CB6A-4CCE-FAFB-7CCE-797D551C5313}"
EndProject
Project("{FAE04EC0-301F-11D3-BF4B-00C04F79EFBC}") = "Unity.Entities.Hybrid", "Unity.Entities.Hybrid.Player.csproj", "{E17F114E-ADD3-5B1C-797D-B123C3465292}"
EndProject
Project("{FAE04EC0-301F-11D3-BF4B-00C04F79EFBC}") = "Unity.VisualScripting.State", "Unity.VisualScripting.State.Player.csproj", "{1761BE9B-BD71-DD1E-128F-126647092FB2}"
EndProject
Project("{FAE04EC0-301F-11D3-BF4B-00C04F79EFBC}") = "Unity.AI.Navigation", "Unity.AI.Navigation.Player.csproj", "{E354808E-9FD0-FA2D-44C1-FADF432248F8}"
EndProject
Project("{FAE04EC0-301F-11D3-BF4B-00C04F79EFBC}") = "Unity.Formats.Fbx.Runtime", "Unity.Formats.Fbx.Runtime.Player.csproj", "{3DEE8817-F5F9-1A65-5BA0-2CE4D7E18CAC}"
EndProject
Project("{FAE04EC0-301F-11D3-BF4B-00C04F79EFBC}") = "Assembly-CSharp", "Assembly-CSharp.Player.csproj", "{9919AD89-79CC-C431-BC97-8D8325042E94}"
EndProject
Project("{FAE04EC0-301F-11D3-BF4B-00C04F79EFBC}") = "Unity.TextMeshPro", "Unity.TextMeshPro.Player.csproj", "{4300B468-CF63-5513-0A38-7EE792A2EC17}"
EndProject
Project("{FAE04EC0-301F-11D3-BF4B-00C04F79EFBC}") = "Unity.ProBuilder.Stl", "Unity.ProBuilder.Stl.Player.csproj", "{7FA1B060-94BB-1247-B114-539712267F39}"
EndProject
Project("{FAE04EC0-301F-11D3-BF4B-00C04F79EFBC}") = "Unity.2D.PixelPerfect", "Unity.2D.PixelPerfect.Player.csproj", "{882BCB0D-955C-24A2-4DA2-1AFFC7AED51E}"
EndProject
Project("{FAE04EC0-301F-11D3-BF4B-00C04F79EFBC}") = "Unity.Entities.UI", "Unity.Entities.UI.Player.csproj", "{0301FC88-BD72-AE40-D8E9-F7E7892D1117}"
EndProject
Project("{FAE04EC0-301F-11D3-BF4B-00C04F79EFBC}") = "Unity.ProBuilder.KdTree", "Unity.ProBuilder.KdTree.Player.csproj", "{2FC7F038-5206-AC1B-E79A-E7EF770F03D5}"
EndProject
Project("{FAE04EC0-301F-11D3-BF4B-00C04F79EFBC}") = "Unity.Mathematics.Extensions", "Unity.Mathematics.Extensions.Player.csproj", "{58F3CED1-0DF1-6143-ADE7-2F300F8DF4D1}"
EndProject
Project("{FAE04EC0-301F-11D3-BF4B-00C04F79EFBC}") = "Unity.Entities.Hybrid.HybridComponents", "Unity.Entities.Hybrid.HybridComponents.Player.csproj", "{BCF8A4D8-4883-EAF3-FC0C-683FD90F1108}"
EndProject
Project("{FAE04EC0-301F-11D3-BF4B-00C04F79EFBC}") = "Unity.Transforms", "Unity.Transforms.Player.csproj", "{B62B86D3-F544-F965-3A19-233DD7F76C64}"
EndProject
Project("{FAE04EC0-301F-11D3-BF4B-00C04F79EFBC}") = "Unity.Deformations", "Unity.Deformations.Player.csproj", "{DA6AF420-FB4E-6B98-9FDB-8D1DA9DE16B8}"
EndProject
Project("{FAE04EC0-301F-11D3-BF4B-00C04F79EFBC}") = "Unity.Mathematics.Extensions.Hybrid", "Unity.Mathematics.Extensions.Hybrid.Player.csproj", "{DAF89788-62E8-2138-BFDC-4685569AF672}"
EndProject
Project("{FAE04EC0-301F-11D3-BF4B-00C04F79EFBC}") = "Unity.Profiling.Core", "Unity.Profiling.Core.Player.csproj", "{61FE4EDE-B030-E570-CB4C-AFF617961A14}"
EndProject
Project("{FAE04EC0-301F-11D3-BF4B-00C04F79EFBC}") = "Unity.ScriptableBuildPipeline", "Unity.ScriptableBuildPipeline.Player.csproj", "{FCF5F08B-B3DE-B11B-875F-480602E577C4}"
EndProject
Project("{FAE04EC0-301F-11D3-BF4B-00C04F79EFBC}") = "Unity.TerrainTools", "Unity.TerrainTools.Player.csproj", "{2567C2DE-1C53-F175-5F98-34DD6FD0C92A}"
EndProject
Project("{FAE04EC0-301F-11D3-BF4B-00C04F79EFBC}") = "Unity.Transforms.Hybrid", "Unity.Transforms.Hybrid.Player.csproj", "{1466B197-DD49-DD53-C5E7-94E65DB98318}"
EndProject
Project("{FAE04EC0-301F-11D3-BF4B-00C04F79EFBC}") = "Unity.RenderPipelines.ShaderGraph.ShaderGraphLibrary", "Unity.RenderPipelines.ShaderGraph.ShaderGraphLibrary.Player.csproj", "{07B2AB35-B618-01D1-FC8A-8991D4BB87F3}"
EndProject
Project("{FAE04EC0-301F-11D3-BF4B-00C04F79EFBC}") = "Unity.RenderPipelines.Core.ShaderLibrary", "Unity.RenderPipelines.Core.ShaderLibrary.Player.csproj", "{FB26AEA6-262F-9EDB-F292-82637F107034}"
EndProject
Project("{FAE04EC0-301F-11D3-BF4B-00C04F79EFBC}") = "FbxBuildTestAssets", "FbxBuildTestAssets.Player.csproj", "{83B9451F-917B-D458-074C-6A6860406748}"
EndProject
Project("{FAE04EC0-301F-11D3-BF4B-00C04F79EFBC}") = "Unity.RenderPipelines.Universal.Shaders", "Unity.RenderPipelines.Universal.Shaders.Player.csproj", "{3354E1C3-854C-A4CA-61E5-F538343E4052}"
EndProject
Global
	GlobalSection(SolutionConfigurationPlatforms) = preSolution
		Debug|Any CPU = Debug|Any CPU
		Release|Any CPU = Release|Any CPU
	EndGlobalSection
	GlobalSection(ProjectConfigurationPlatforms) = postSolution
		{8ACD52F1-B7FE-C925-2E2C-E574D45BC3FE}.Debug|Any CPU.ActiveCfg = Debug|Any CPU
		{8ACD52F1-B7FE-C925-2E2C-E574D45BC3FE}.Debug|Any CPU.Build.0 = Debug|Any CPU
		{8ACD52F1-B7FE-C925-2E2C-E574D45BC3FE}.Release|Any CPU.ActiveCfg = Release|Any CPU
		{8ACD52F1-B7FE-C925-2E2C-E574D45BC3FE}.Release|Any CPU.Build.0 = Release|Any CPU
		{DFF49041-3B57-1D3E-8E9B-197DA9AFEA83}.Debug|Any CPU.ActiveCfg = Debug|Any CPU
		{DFF49041-3B57-1D3E-8E9B-197DA9AFEA83}.Debug|Any CPU.Build.0 = Debug|Any CPU
		{DFF49041-3B57-1D3E-8E9B-197DA9AFEA83}.Release|Any CPU.ActiveCfg = Release|Any CPU
		{DFF49041-3B57-1D3E-8E9B-197DA9AFEA83}.Release|Any CPU.Build.0 = Release|Any CPU
		{0F65CBE6-B525-E2C6-A9E4-395F807E95A9}.Debug|Any CPU.ActiveCfg = Debug|Any CPU
		{0F65CBE6-B525-E2C6-A9E4-395F807E95A9}.Debug|Any CPU.Build.0 = Debug|Any CPU
		{0F65CBE6-B525-E2C6-A9E4-395F807E95A9}.Release|Any CPU.ActiveCfg = Release|Any CPU
		{0F65CBE6-B525-E2C6-A9E4-395F807E95A9}.Release|Any CPU.Build.0 = Release|Any CPU
		{9766746A-05BA-B5BB-94DA-46293D23FD85}.Debug|Any CPU.ActiveCfg = Debug|Any CPU
		{9766746A-05BA-B5BB-94DA-46293D23FD85}.Debug|Any CPU.Build.0 = Debug|Any CPU
		{9766746A-05BA-B5BB-94DA-46293D23FD85}.Release|Any CPU.ActiveCfg = Release|Any CPU
		{9766746A-05BA-B5BB-94DA-46293D23FD85}.Release|Any CPU.Build.0 = Release|Any CPU
		{82FB31A2-BC89-0B9F-E8E5-194E67D115B2}.Debug|Any CPU.ActiveCfg = Debug|Any CPU
		{82FB31A2-BC89-0B9F-E8E5-194E67D115B2}.Debug|Any CPU.Build.0 = Debug|Any CPU
		{82FB31A2-BC89-0B9F-E8E5-194E67D115B2}.Release|Any CPU.ActiveCfg = Release|Any CPU
		{82FB31A2-BC89-0B9F-E8E5-194E67D115B2}.Release|Any CPU.Build.0 = Release|Any CPU
		{80FAE7B0-1397-86D8-9F22-6A02B8E1CFB9}.Debug|Any CPU.ActiveCfg = Debug|Any CPU
		{80FAE7B0-1397-86D8-9F22-6A02B8E1CFB9}.Debug|Any CPU.Build.0 = Debug|Any CPU
		{80FAE7B0-1397-86D8-9F22-6A02B8E1CFB9}.Release|Any CPU.ActiveCfg = Release|Any CPU
		{80FAE7B0-1397-86D8-9F22-6A02B8E1CFB9}.Release|Any CPU.Build.0 = Release|Any CPU
		{7AAADD9B-358E-B31B-5C43-6D9F7DC9EBC4}.Debug|Any CPU.ActiveCfg = Debug|Any CPU
		{7AAADD9B-358E-B31B-5C43-6D9F7DC9EBC4}.Debug|Any CPU.Build.0 = Debug|Any CPU
		{7AAADD9B-358E-B31B-5C43-6D9F7DC9EBC4}.Release|Any CPU.ActiveCfg = Release|Any CPU
		{7AAADD9B-358E-B31B-5C43-6D9F7DC9EBC4}.Release|Any CPU.Build.0 = Release|Any CPU
		{52C5ED3C-FF0F-778F-4A1A-AE5A1B91C39C}.Debug|Any CPU.ActiveCfg = Debug|Any CPU
		{52C5ED3C-FF0F-778F-4A1A-AE5A1B91C39C}.Debug|Any CPU.Build.0 = Debug|Any CPU
		{52C5ED3C-FF0F-778F-4A1A-AE5A1B91C39C}.Release|Any CPU.ActiveCfg = Release|Any CPU
		{52C5ED3C-FF0F-778F-4A1A-AE5A1B91C39C}.Release|Any CPU.Build.0 = Release|Any CPU
		{8C36B91B-5FE8-DBD2-DA87-3C271E3928A3}.Debug|Any CPU.ActiveCfg = Debug|Any CPU
		{8C36B91B-5FE8-DBD2-DA87-3C271E3928A3}.Debug|Any CPU.Build.0 = Debug|Any CPU
		{8C36B91B-5FE8-DBD2-DA87-3C271E3928A3}.Release|Any CPU.ActiveCfg = Release|Any CPU
		{8C36B91B-5FE8-DBD2-DA87-3C271E3928A3}.Release|Any CPU.Build.0 = Release|Any CPU
		{F10D6CEE-04AD-03C8-B2B5-6F3A3972314B}.Debug|Any CPU.ActiveCfg = Debug|Any CPU
		{F10D6CEE-04AD-03C8-B2B5-6F3A3972314B}.Debug|Any CPU.Build.0 = Debug|Any CPU
		{F10D6CEE-04AD-03C8-B2B5-6F3A3972314B}.Release|Any CPU.ActiveCfg = Release|Any CPU
		{F10D6CEE-04AD-03C8-B2B5-6F3A3972314B}.Release|Any CPU.Build.0 = Release|Any CPU
		{4EB7023A-5ECA-6E97-4E8E-E06B3D87D2B2}.Debug|Any CPU.ActiveCfg = Debug|Any CPU
		{4EB7023A-5ECA-6E97-4E8E-E06B3D87D2B2}.Debug|Any CPU.Build.0 = Debug|Any CPU
		{4EB7023A-5ECA-6E97-4E8E-E06B3D87D2B2}.Release|Any CPU.ActiveCfg = Release|Any CPU
		{4EB7023A-5ECA-6E97-4E8E-E06B3D87D2B2}.Release|Any CPU.Build.0 = Release|Any CPU
		{4FA345DB-1F63-4428-A66E-CA8F61B6DE37}.Debug|Any CPU.ActiveCfg = Debug|Any CPU
		{4FA345DB-1F63-4428-A66E-CA8F61B6DE37}.Debug|Any CPU.Build.0 = Debug|Any CPU
		{4FA345DB-1F63-4428-A66E-CA8F61B6DE37}.Release|Any CPU.ActiveCfg = Release|Any CPU
		{4FA345DB-1F63-4428-A66E-CA8F61B6DE37}.Release|Any CPU.Build.0 = Release|Any CPU
		{8839E134-7D71-12E9-FC76-D0438AEB4B1A}.Debug|Any CPU.ActiveCfg = Debug|Any CPU
		{8839E134-7D71-12E9-FC76-D0438AEB4B1A}.Debug|Any CPU.Build.0 = Debug|Any CPU
		{8839E134-7D71-12E9-FC76-D0438AEB4B1A}.Release|Any CPU.ActiveCfg = Release|Any CPU
		{8839E134-7D71-12E9-FC76-D0438AEB4B1A}.Release|Any CPU.Build.0 = Release|Any CPU
		{EB682066-F9E7-C3FB-DA3E-6D734092DBE4}.Debug|Any CPU.ActiveCfg = Debug|Any CPU
		{EB682066-F9E7-C3FB-DA3E-6D734092DBE4}.Debug|Any CPU.Build.0 = Debug|Any CPU
		{EB682066-F9E7-C3FB-DA3E-6D734092DBE4}.Release|Any CPU.ActiveCfg = Release|Any CPU
		{EB682066-F9E7-C3FB-DA3E-6D734092DBE4}.Release|Any CPU.Build.0 = Release|Any CPU
		{49158523-149D-875D-ED9D-5A8A68922030}.Debug|Any CPU.ActiveCfg = Debug|Any CPU
		{49158523-149D-875D-ED9D-5A8A68922030}.Debug|Any CPU.Build.0 = Debug|Any CPU
		{49158523-149D-875D-ED9D-5A8A68922030}.Release|Any CPU.ActiveCfg = Release|Any CPU
		{49158523-149D-875D-ED9D-5A8A68922030}.Release|Any CPU.Build.0 = Release|Any CPU
		{7D41A01A-1537-7EEB-843B-A075BC905890}.Debug|Any CPU.ActiveCfg = Debug|Any CPU
		{7D41A01A-1537-7EEB-843B-A075BC905890}.Debug|Any CPU.Build.0 = Debug|Any CPU
		{7D41A01A-1537-7EEB-843B-A075BC905890}.Release|Any CPU.ActiveCfg = Release|Any CPU
		{7D41A01A-1537-7EEB-843B-A075BC905890}.Release|Any CPU.Build.0 = Release|Any CPU
		{243151E9-028A-BFD2-EFBA-0B74248552FF}.Debug|Any CPU.ActiveCfg = Debug|Any CPU
		{243151E9-028A-BFD2-EFBA-0B74248552FF}.Debug|Any CPU.Build.0 = Debug|Any CPU
		{243151E9-028A-BFD2-EFBA-0B74248552FF}.Release|Any CPU.ActiveCfg = Release|Any CPU
		{243151E9-028A-BFD2-EFBA-0B74248552FF}.Release|Any CPU.Build.0 = Release|Any CPU
		{5C982AD5-28E2-6B53-4716-D3D5CCD8D852}.Debug|Any CPU.ActiveCfg = Debug|Any CPU
		{5C982AD5-28E2-6B53-4716-D3D5CCD8D852}.Debug|Any CPU.Build.0 = Debug|Any CPU
		{5C982AD5-28E2-6B53-4716-D3D5CCD8D852}.Release|Any CPU.ActiveCfg = Release|Any CPU
		{5C982AD5-28E2-6B53-4716-D3D5CCD8D852}.Release|Any CPU.Build.0 = Release|Any CPU
		{0F088FF0-EEB1-3FAB-A430-C04634181BEE}.Debug|Any CPU.ActiveCfg = Debug|Any CPU
		{0F088FF0-EEB1-3FAB-A430-C04634181BEE}.Debug|Any CPU.Build.0 = Debug|Any CPU
		{0F088FF0-EEB1-3FAB-A430-C04634181BEE}.Release|Any CPU.ActiveCfg = Release|Any CPU
		{0F088FF0-EEB1-3FAB-A430-C04634181BEE}.Release|Any CPU.Build.0 = Release|Any CPU
		{2CA6B1DA-4CDE-6DDD-CB63-9F6A2BCE0F72}.Debug|Any CPU.ActiveCfg = Debug|Any CPU
		{2CA6B1DA-4CDE-6DDD-CB63-9F6A2BCE0F72}.Debug|Any CPU.Build.0 = Debug|Any CPU
		{2CA6B1DA-4CDE-6DDD-CB63-9F6A2BCE0F72}.Release|Any CPU.ActiveCfg = Release|Any CPU
		{2CA6B1DA-4CDE-6DDD-CB63-9F6A2BCE0F72}.Release|Any CPU.Build.0 = Release|Any CPU
		{F116790D-3A87-654B-8A91-1E59C3E13C6E}.Debug|Any CPU.ActiveCfg = Debug|Any CPU
		{F116790D-3A87-654B-8A91-1E59C3E13C6E}.Debug|Any CPU.Build.0 = Debug|Any CPU
		{F116790D-3A87-654B-8A91-1E59C3E13C6E}.Release|Any CPU.ActiveCfg = Release|Any CPU
		{F116790D-3A87-654B-8A91-1E59C3E13C6E}.Release|Any CPU.Build.0 = Release|Any CPU
		{2C1E899D-E620-786E-C7C4-A5EC52CB8145}.Debug|Any CPU.ActiveCfg = Debug|Any CPU
		{2C1E899D-E620-786E-C7C4-A5EC52CB8145}.Debug|Any CPU.Build.0 = Debug|Any CPU
		{2C1E899D-E620-786E-C7C4-A5EC52CB8145}.Release|Any CPU.ActiveCfg = Release|Any CPU
		{2C1E899D-E620-786E-C7C4-A5EC52CB8145}.Release|Any CPU.Build.0 = Release|Any CPU
		{56F139C1-8A62-F915-50DA-D4F780D503F9}.Debug|Any CPU.ActiveCfg = Debug|Any CPU
		{56F139C1-8A62-F915-50DA-D4F780D503F9}.Debug|Any CPU.Build.0 = Debug|Any CPU
		{56F139C1-8A62-F915-50DA-D4F780D503F9}.Release|Any CPU.ActiveCfg = Release|Any CPU
		{56F139C1-8A62-F915-50DA-D4F780D503F9}.Release|Any CPU.Build.0 = Release|Any CPU
		{C79EC72A-369F-3681-1FF7-D43F272BBE58}.Debug|Any CPU.ActiveCfg = Debug|Any CPU
		{C79EC72A-369F-3681-1FF7-D43F272BBE58}.Debug|Any CPU.Build.0 = Debug|Any CPU
		{C79EC72A-369F-3681-1FF7-D43F272BBE58}.Release|Any CPU.ActiveCfg = Release|Any CPU
		{C79EC72A-369F-3681-1FF7-D43F272BBE58}.Release|Any CPU.Build.0 = Release|Any CPU
		{E1EA0358-51FF-A891-4C97-EC8B612AB4D7}.Debug|Any CPU.ActiveCfg = Debug|Any CPU
		{E1EA0358-51FF-A891-4C97-EC8B612AB4D7}.Debug|Any CPU.Build.0 = Debug|Any CPU
		{E1EA0358-51FF-A891-4C97-EC8B612AB4D7}.Release|Any CPU.ActiveCfg = Release|Any CPU
		{E1EA0358-51FF-A891-4C97-EC8B612AB4D7}.Release|Any CPU.Build.0 = Release|Any CPU
		{26E7EE46-529F-EDE5-8867-C91C3D45AA96}.Debug|Any CPU.ActiveCfg = Debug|Any CPU
		{26E7EE46-529F-EDE5-8867-C91C3D45AA96}.Debug|Any CPU.Build.0 = Debug|Any CPU
		{26E7EE46-529F-EDE5-8867-C91C3D45AA96}.Release|Any CPU.ActiveCfg = Release|Any CPU
		{26E7EE46-529F-EDE5-8867-C91C3D45AA96}.Release|Any CPU.Build.0 = Release|Any CPU
		{FF3F9447-0AAB-A0F9-C701-DC998389A1CD}.Debug|Any CPU.ActiveCfg = Debug|Any CPU
		{FF3F9447-0AAB-A0F9-C701-DC998389A1CD}.Debug|Any CPU.Build.0 = Debug|Any CPU
		{FF3F9447-0AAB-A0F9-C701-DC998389A1CD}.Release|Any CPU.ActiveCfg = Release|Any CPU
		{FF3F9447-0AAB-A0F9-C701-DC998389A1CD}.Release|Any CPU.Build.0 = Release|Any CPU
		{C9E5188F-50F2-152C-D1FC-EE8E73152702}.Debug|Any CPU.ActiveCfg = Debug|Any CPU
		{C9E5188F-50F2-152C-D1FC-EE8E73152702}.Debug|Any CPU.Build.0 = Debug|Any CPU
		{C9E5188F-50F2-152C-D1FC-EE8E73152702}.Release|Any CPU.ActiveCfg = Release|Any CPU
		{C9E5188F-50F2-152C-D1FC-EE8E73152702}.Release|Any CPU.Build.0 = Release|Any CPU
		{824D3EAE-368C-C667-4A73-16A2942D60CC}.Debug|Any CPU.ActiveCfg = Debug|Any CPU
		{824D3EAE-368C-C667-4A73-16A2942D60CC}.Debug|Any CPU.Build.0 = Debug|Any CPU
		{824D3EAE-368C-C667-4A73-16A2942D60CC}.Release|Any CPU.ActiveCfg = Release|Any CPU
		{824D3EAE-368C-C667-4A73-16A2942D60CC}.Release|Any CPU.Build.0 = Release|Any CPU
		{728CA4E8-F0B9-1E28-4DE7-9BAF099757CE}.Debug|Any CPU.ActiveCfg = Debug|Any CPU
		{728CA4E8-F0B9-1E28-4DE7-9BAF099757CE}.Debug|Any CPU.Build.0 = Debug|Any CPU
		{728CA4E8-F0B9-1E28-4DE7-9BAF099757CE}.Release|Any CPU.ActiveCfg = Release|Any CPU
		{728CA4E8-F0B9-1E28-4DE7-9BAF099757CE}.Release|Any CPU.Build.0 = Release|Any CPU
		{AA6D469E-6DF5-13A7-E131-B495C1924D80}.Debug|Any CPU.ActiveCfg = Debug|Any CPU
		{AA6D469E-6DF5-13A7-E131-B495C1924D80}.Debug|Any CPU.Build.0 = Debug|Any CPU
		{AA6D469E-6DF5-13A7-E131-B495C1924D80}.Release|Any CPU.ActiveCfg = Release|Any CPU
		{AA6D469E-6DF5-13A7-E131-B495C1924D80}.Release|Any CPU.Build.0 = Release|Any CPU
		{33F09391-19F1-C8A0-741F-0751AE8F926E}.Debug|Any CPU.ActiveCfg = Debug|Any CPU
		{33F09391-19F1-C8A0-741F-0751AE8F926E}.Debug|Any CPU.Build.0 = Debug|Any CPU
		{33F09391-19F1-C8A0-741F-0751AE8F926E}.Release|Any CPU.ActiveCfg = Release|Any CPU
		{33F09391-19F1-C8A0-741F-0751AE8F926E}.Release|Any CPU.Build.0 = Release|Any CPU
		{3CD26BFF-ECE6-47B2-690A-1F47EA5F0ED5}.Debug|Any CPU.ActiveCfg = Debug|Any CPU
		{3CD26BFF-ECE6-47B2-690A-1F47EA5F0ED5}.Debug|Any CPU.Build.0 = Debug|Any CPU
		{3CD26BFF-ECE6-47B2-690A-1F47EA5F0ED5}.Release|Any CPU.ActiveCfg = Release|Any CPU
		{3CD26BFF-ECE6-47B2-690A-1F47EA5F0ED5}.Release|Any CPU.Build.0 = Release|Any CPU
		{AD1DCAB5-A4E6-3D4E-1525-75DDE6E0E85C}.Debug|Any CPU.ActiveCfg = Debug|Any CPU
		{AD1DCAB5-A4E6-3D4E-1525-75DDE6E0E85C}.Debug|Any CPU.Build.0 = Debug|Any CPU
		{AD1DCAB5-A4E6-3D4E-1525-75DDE6E0E85C}.Release|Any CPU.ActiveCfg = Release|Any CPU
		{AD1DCAB5-A4E6-3D4E-1525-75DDE6E0E85C}.Release|Any CPU.Build.0 = Release|Any CPU
		{2659E764-090E-F14C-EB7B-0AF04CDDFB87}.Debug|Any CPU.ActiveCfg = Debug|Any CPU
		{2659E764-090E-F14C-EB7B-0AF04CDDFB87}.Debug|Any CPU.Build.0 = Debug|Any CPU
		{2659E764-090E-F14C-EB7B-0AF04CDDFB87}.Release|Any CPU.ActiveCfg = Release|Any CPU
		{2659E764-090E-F14C-EB7B-0AF04CDDFB87}.Release|Any CPU.Build.0 = Release|Any CPU
		{D6E085FB-1B78-B594-40C2-8FE23432B4FC}.Debug|Any CPU.ActiveCfg = Debug|Any CPU
		{D6E085FB-1B78-B594-40C2-8FE23432B4FC}.Debug|Any CPU.Build.0 = Debug|Any CPU
		{D6E085FB-1B78-B594-40C2-8FE23432B4FC}.Release|Any CPU.ActiveCfg = Release|Any CPU
		{D6E085FB-1B78-B594-40C2-8FE23432B4FC}.Release|Any CPU.Build.0 = Release|Any CPU
		{4B2D2AF8-9BD4-C268-B224-D6D97B9B2143}.Debug|Any CPU.ActiveCfg = Debug|Any CPU
		{4B2D2AF8-9BD4-C268-B224-D6D97B9B2143}.Debug|Any CPU.Build.0 = Debug|Any CPU
		{4B2D2AF8-9BD4-C268-B224-D6D97B9B2143}.Release|Any CPU.ActiveCfg = Release|Any CPU
		{4B2D2AF8-9BD4-C268-B224-D6D97B9B2143}.Release|Any CPU.Build.0 = Release|Any CPU
		{09BF49AC-91FC-77D8-620F-E1F8C5737A71}.Debug|Any CPU.ActiveCfg = Debug|Any CPU
		{09BF49AC-91FC-77D8-620F-E1F8C5737A71}.Debug|Any CPU.Build.0 = Debug|Any CPU
		{09BF49AC-91FC-77D8-620F-E1F8C5737A71}.Release|Any CPU.ActiveCfg = Release|Any CPU
		{09BF49AC-91FC-77D8-620F-E1F8C5737A71}.Release|Any CPU.Build.0 = Release|Any CPU
		{B5031EBD-5EA0-C6ED-7FF1-909D5B1B5E60}.Debug|Any CPU.ActiveCfg = Debug|Any CPU
		{B5031EBD-5EA0-C6ED-7FF1-909D5B1B5E60}.Debug|Any CPU.Build.0 = Debug|Any CPU
		{B5031EBD-5EA0-C6ED-7FF1-909D5B1B5E60}.Release|Any CPU.ActiveCfg = Release|Any CPU
		{B5031EBD-5EA0-C6ED-7FF1-909D5B1B5E60}.Release|Any CPU.Build.0 = Release|Any CPU
		{BE6C89DA-6BEB-F1D1-4FA0-905582606C78}.Debug|Any CPU.ActiveCfg = Debug|Any CPU
		{BE6C89DA-6BEB-F1D1-4FA0-905582606C78}.Debug|Any CPU.Build.0 = Debug|Any CPU
		{BE6C89DA-6BEB-F1D1-4FA0-905582606C78}.Release|Any CPU.ActiveCfg = Release|Any CPU
		{BE6C89DA-6BEB-F1D1-4FA0-905582606C78}.Release|Any CPU.Build.0 = Release|Any CPU
		{96F59225-8697-D18F-7039-C4855389590E}.Debug|Any CPU.ActiveCfg = Debug|Any CPU
		{96F59225-8697-D18F-7039-C4855389590E}.Debug|Any CPU.Build.0 = Debug|Any CPU
		{96F59225-8697-D18F-7039-C4855389590E}.Release|Any CPU.ActiveCfg = Release|Any CPU
		{96F59225-8697-D18F-7039-C4855389590E}.Release|Any CPU.Build.0 = Release|Any CPU
		{CBFC910D-E71E-4281-707A-77E3B1094381}.Debug|Any CPU.ActiveCfg = Debug|Any CPU
		{CBFC910D-E71E-4281-707A-77E3B1094381}.Debug|Any CPU.Build.0 = Debug|Any CPU
		{CBFC910D-E71E-4281-707A-77E3B1094381}.Release|Any CPU.ActiveCfg = Release|Any CPU
		{CBFC910D-E71E-4281-707A-77E3B1094381}.Release|Any CPU.Build.0 = Release|Any CPU
		{CE42DBA7-54CD-7867-A436-DE34F18A30D4}.Debug|Any CPU.ActiveCfg = Debug|Any CPU
		{CE42DBA7-54CD-7867-A436-DE34F18A30D4}.Debug|Any CPU.Build.0 = Debug|Any CPU
		{CE42DBA7-54CD-7867-A436-DE34F18A30D4}.Release|Any CPU.ActiveCfg = Release|Any CPU
		{CE42DBA7-54CD-7867-A436-DE34F18A30D4}.Release|Any CPU.Build.0 = Release|Any CPU
		{DF55E4BC-00CA-8026-B80D-54343170DC85}.Debug|Any CPU.ActiveCfg = Debug|Any CPU
		{DF55E4BC-00CA-8026-B80D-54343170DC85}.Debug|Any CPU.Build.0 = Debug|Any CPU
		{DF55E4BC-00CA-8026-B80D-54343170DC85}.Release|Any CPU.ActiveCfg = Release|Any CPU
		{DF55E4BC-00CA-8026-B80D-54343170DC85}.Release|Any CPU.Build.0 = Release|Any CPU
		{A355CDE3-6590-DD53-13AD-06B58BF4836D}.Debug|Any CPU.ActiveCfg = Debug|Any CPU
		{A355CDE3-6590-DD53-13AD-06B58BF4836D}.Debug|Any CPU.Build.0 = Debug|Any CPU
		{A355CDE3-6590-DD53-13AD-06B58BF4836D}.Release|Any CPU.ActiveCfg = Release|Any CPU
		{A355CDE3-6590-DD53-13AD-06B58BF4836D}.Release|Any CPU.Build.0 = Release|Any CPU
		{8630B420-DFFE-D7EF-7D61-CD5516D10812}.Debug|Any CPU.ActiveCfg = Debug|Any CPU
		{8630B420-DFFE-D7EF-7D61-CD5516D10812}.Debug|Any CPU.Build.0 = Debug|Any CPU
		{8630B420-DFFE-D7EF-7D61-CD5516D10812}.Release|Any CPU.ActiveCfg = Release|Any CPU
		{8630B420-DFFE-D7EF-7D61-CD5516D10812}.Release|Any CPU.Build.0 = Release|Any CPU
		{2900097D-4D45-9D80-53AC-734D676DD7DD}.Debug|Any CPU.ActiveCfg = Debug|Any CPU
		{2900097D-4D45-9D80-53AC-734D676DD7DD}.Debug|Any CPU.Build.0 = Debug|Any CPU
		{2900097D-4D45-9D80-53AC-734D676DD7DD}.Release|Any CPU.ActiveCfg = Release|Any CPU
		{2900097D-4D45-9D80-53AC-734D676DD7DD}.Release|Any CPU.Build.0 = Release|Any CPU
		{476A96F6-6E95-A558-CD47-D0062D3EDB96}.Debug|Any CPU.ActiveCfg = Debug|Any CPU
		{476A96F6-6E95-A558-CD47-D0062D3EDB96}.Debug|Any CPU.Build.0 = Debug|Any CPU
		{476A96F6-6E95-A558-CD47-D0062D3EDB96}.Release|Any CPU.ActiveCfg = Release|Any CPU
		{476A96F6-6E95-A558-CD47-D0062D3EDB96}.Release|Any CPU.Build.0 = Release|Any CPU
		{93F893AD-6FF1-5AC3-DCD8-C688ED669579}.Debug|Any CPU.ActiveCfg = Debug|Any CPU
		{93F893AD-6FF1-5AC3-DCD8-C688ED669579}.Debug|Any CPU.Build.0 = Debug|Any CPU
		{93F893AD-6FF1-5AC3-DCD8-C688ED669579}.Release|Any CPU.ActiveCfg = Release|Any CPU
		{93F893AD-6FF1-5AC3-DCD8-C688ED669579}.Release|Any CPU.Build.0 = Release|Any CPU
		{BE49AA01-E61D-B06A-E3A0-0AECDF03F76F}.Debug|Any CPU.ActiveCfg = Debug|Any CPU
		{BE49AA01-E61D-B06A-E3A0-0AECDF03F76F}.Debug|Any CPU.Build.0 = Debug|Any CPU
		{BE49AA01-E61D-B06A-E3A0-0AECDF03F76F}.Release|Any CPU.ActiveCfg = Release|Any CPU
		{BE49AA01-E61D-B06A-E3A0-0AECDF03F76F}.Release|Any CPU.Build.0 = Release|Any CPU
		{BB57A82F-558E-7C2F-F406-045BAE606C1F}.Debug|Any CPU.ActiveCfg = Debug|Any CPU
		{BB57A82F-558E-7C2F-F406-045BAE606C1F}.Debug|Any CPU.Build.0 = Debug|Any CPU
		{BB57A82F-558E-7C2F-F406-045BAE606C1F}.Release|Any CPU.ActiveCfg = Release|Any CPU
		{BB57A82F-558E-7C2F-F406-045BAE606C1F}.Release|Any CPU.Build.0 = Release|Any CPU
		{51960186-B815-88F1-29DB-931B27067BC8}.Debug|Any CPU.ActiveCfg = Debug|Any CPU
		{51960186-B815-88F1-29DB-931B27067BC8}.Debug|Any CPU.Build.0 = Debug|Any CPU
		{51960186-B815-88F1-29DB-931B27067BC8}.Release|Any CPU.ActiveCfg = Release|Any CPU
		{51960186-B815-88F1-29DB-931B27067BC8}.Release|Any CPU.Build.0 = Release|Any CPU
		{7280EF30-DF0A-37F7-41AF-98F555AECA45}.Debug|Any CPU.ActiveCfg = Debug|Any CPU
		{7280EF30-DF0A-37F7-41AF-98F555AECA45}.Debug|Any CPU.Build.0 = Debug|Any CPU
		{7280EF30-DF0A-37F7-41AF-98F555AECA45}.Release|Any CPU.ActiveCfg = Release|Any CPU
		{7280EF30-DF0A-37F7-41AF-98F555AECA45}.Release|Any CPU.Build.0 = Release|Any CPU
		{943349D7-D214-9DF6-6578-D7D862A75533}.Debug|Any CPU.ActiveCfg = Debug|Any CPU
		{943349D7-D214-9DF6-6578-D7D862A75533}.Debug|Any CPU.Build.0 = Debug|Any CPU
		{943349D7-D214-9DF6-6578-D7D862A75533}.Release|Any CPU.ActiveCfg = Release|Any CPU
		{943349D7-D214-9DF6-6578-D7D862A75533}.Release|Any CPU.Build.0 = Release|Any CPU
		{6D7C9606-FD03-6A2B-4ECE-C6BDC35B87DF}.Debug|Any CPU.ActiveCfg = Debug|Any CPU
		{6D7C9606-FD03-6A2B-4ECE-C6BDC35B87DF}.Debug|Any CPU.Build.0 = Debug|Any CPU
		{6D7C9606-FD03-6A2B-4ECE-C6BDC35B87DF}.Release|Any CPU.ActiveCfg = Release|Any CPU
		{6D7C9606-FD03-6A2B-4ECE-C6BDC35B87DF}.Release|Any CPU.Build.0 = Release|Any CPU
		{4C7C9BF0-8889-F3AA-313C-1D294C536EC1}.Debug|Any CPU.ActiveCfg = Debug|Any CPU
		{4C7C9BF0-8889-F3AA-313C-1D294C536EC1}.Debug|Any CPU.Build.0 = Debug|Any CPU
		{4C7C9BF0-8889-F3AA-313C-1D294C536EC1}.Release|Any CPU.ActiveCfg = Release|Any CPU
		{4C7C9BF0-8889-F3AA-313C-1D294C536EC1}.Release|Any CPU.Build.0 = Release|Any CPU
		{8CAB2910-A120-60A9-1B81-2E42433E6C2B}.Debug|Any CPU.ActiveCfg = Debug|Any CPU
		{8CAB2910-A120-60A9-1B81-2E42433E6C2B}.Debug|Any CPU.Build.0 = Debug|Any CPU
		{8CAB2910-A120-60A9-1B81-2E42433E6C2B}.Release|Any CPU.ActiveCfg = Release|Any CPU
		{8CAB2910-A120-60A9-1B81-2E42433E6C2B}.Release|Any CPU.Build.0 = Release|Any CPU
		{F00C7FAE-7DE2-AB4C-666F-1CEB3BA183D4}.Debug|Any CPU.ActiveCfg = Debug|Any CPU
		{F00C7FAE-7DE2-AB4C-666F-1CEB3BA183D4}.Debug|Any CPU.Build.0 = Debug|Any CPU
		{F00C7FAE-7DE2-AB4C-666F-1CEB3BA183D4}.Release|Any CPU.ActiveCfg = Release|Any CPU
		{F00C7FAE-7DE2-AB4C-666F-1CEB3BA183D4}.Release|Any CPU.Build.0 = Release|Any CPU
		{D19784DD-37AB-F45D-A643-6EBD0421D5AA}.Debug|Any CPU.ActiveCfg = Debug|Any CPU
		{D19784DD-37AB-F45D-A643-6EBD0421D5AA}.Debug|Any CPU.Build.0 = Debug|Any CPU
		{D19784DD-37AB-F45D-A643-6EBD0421D5AA}.Release|Any CPU.ActiveCfg = Release|Any CPU
		{D19784DD-37AB-F45D-A643-6EBD0421D5AA}.Release|Any CPU.Build.0 = Release|Any CPU
		{E4D8CE24-B101-5986-90DC-8AF15925515E}.Debug|Any CPU.ActiveCfg = Debug|Any CPU
		{E4D8CE24-B101-5986-90DC-8AF15925515E}.Debug|Any CPU.Build.0 = Debug|Any CPU
		{E4D8CE24-B101-5986-90DC-8AF15925515E}.Release|Any CPU.ActiveCfg = Release|Any CPU
		{E4D8CE24-B101-5986-90DC-8AF15925515E}.Release|Any CPU.Build.0 = Release|Any CPU
		{10F2B0D9-87D0-59ED-7825-2A0DC60A49F6}.Debug|Any CPU.ActiveCfg = Debug|Any CPU
		{10F2B0D9-87D0-59ED-7825-2A0DC60A49F6}.Debug|Any CPU.Build.0 = Debug|Any CPU
		{10F2B0D9-87D0-59ED-7825-2A0DC60A49F6}.Release|Any CPU.ActiveCfg = Release|Any CPU
		{10F2B0D9-87D0-59ED-7825-2A0DC60A49F6}.Release|Any CPU.Build.0 = Release|Any CPU
		{137B7B27-33AA-2F89-6A25-70590F3FF5D3}.Debug|Any CPU.ActiveCfg = Debug|Any CPU
		{137B7B27-33AA-2F89-6A25-70590F3FF5D3}.Debug|Any CPU.Build.0 = Debug|Any CPU
		{137B7B27-33AA-2F89-6A25-70590F3FF5D3}.Release|Any CPU.ActiveCfg = Release|Any CPU
		{137B7B27-33AA-2F89-6A25-70590F3FF5D3}.Release|Any CPU.Build.0 = Release|Any CPU
		{69BE1E6A-91E7-B8AC-10CF-CD82841C0D1F}.Debug|Any CPU.ActiveCfg = Debug|Any CPU
		{69BE1E6A-91E7-B8AC-10CF-CD82841C0D1F}.Debug|Any CPU.Build.0 = Debug|Any CPU
		{69BE1E6A-91E7-B8AC-10CF-CD82841C0D1F}.Release|Any CPU.ActiveCfg = Release|Any CPU
		{69BE1E6A-91E7-B8AC-10CF-CD82841C0D1F}.Release|Any CPU.Build.0 = Release|Any CPU
		{10D6FFDB-11BC-78D2-E4BF-FE9CE6B115FC}.Debug|Any CPU.ActiveCfg = Debug|Any CPU
		{10D6FFDB-11BC-78D2-E4BF-FE9CE6B115FC}.Debug|Any CPU.Build.0 = Debug|Any CPU
		{10D6FFDB-11BC-78D2-E4BF-FE9CE6B115FC}.Release|Any CPU.ActiveCfg = Release|Any CPU
		{10D6FFDB-11BC-78D2-E4BF-FE9CE6B115FC}.Release|Any CPU.Build.0 = Release|Any CPU
		{D37E5290-4707-F763-FFF2-C86A18AA7E13}.Debug|Any CPU.ActiveCfg = Debug|Any CPU
		{D37E5290-4707-F763-FFF2-C86A18AA7E13}.Debug|Any CPU.Build.0 = Debug|Any CPU
		{D37E5290-4707-F763-FFF2-C86A18AA7E13}.Release|Any CPU.ActiveCfg = Release|Any CPU
		{D37E5290-4707-F763-FFF2-C86A18AA7E13}.Release|Any CPU.Build.0 = Release|Any CPU
		{5AE7EB4B-2866-D003-88A0-F0F7A79513A6}.Debug|Any CPU.ActiveCfg = Debug|Any CPU
		{5AE7EB4B-2866-D003-88A0-F0F7A79513A6}.Debug|Any CPU.Build.0 = Debug|Any CPU
		{5AE7EB4B-2866-D003-88A0-F0F7A79513A6}.Release|Any CPU.ActiveCfg = Release|Any CPU
		{5AE7EB4B-2866-D003-88A0-F0F7A79513A6}.Release|Any CPU.Build.0 = Release|Any CPU
		{13254D35-B5FB-9975-3342-7EAFAAA56BE7}.Debug|Any CPU.ActiveCfg = Debug|Any CPU
		{13254D35-B5FB-9975-3342-7EAFAAA56BE7}.Debug|Any CPU.Build.0 = Debug|Any CPU
		{13254D35-B5FB-9975-3342-7EAFAAA56BE7}.Release|Any CPU.ActiveCfg = Release|Any CPU
		{13254D35-B5FB-9975-3342-7EAFAAA56BE7}.Release|Any CPU.Build.0 = Release|Any CPU
		{6EC35EB0-9765-6847-4E90-926DDB98C61C}.Debug|Any CPU.ActiveCfg = Debug|Any CPU
		{6EC35EB0-9765-6847-4E90-926DDB98C61C}.Debug|Any CPU.Build.0 = Debug|Any CPU
		{6EC35EB0-9765-6847-4E90-926DDB98C61C}.Release|Any CPU.ActiveCfg = Release|Any CPU
		{6EC35EB0-9765-6847-4E90-926DDB98C61C}.Release|Any CPU.Build.0 = Release|Any CPU
		{D70B290D-43A0-64FB-CB0F-2917827A4DDE}.Debug|Any CPU.ActiveCfg = Debug|Any CPU
		{D70B290D-43A0-64FB-CB0F-2917827A4DDE}.Debug|Any CPU.Build.0 = Debug|Any CPU
		{D70B290D-43A0-64FB-CB0F-2917827A4DDE}.Release|Any CPU.ActiveCfg = Release|Any CPU
		{D70B290D-43A0-64FB-CB0F-2917827A4DDE}.Release|Any CPU.Build.0 = Release|Any CPU
		{201C2C29-C7A2-3C72-5BA4-484FC6B35FCD}.Debug|Any CPU.ActiveCfg = Debug|Any CPU
		{201C2C29-C7A2-3C72-5BA4-484FC6B35FCD}.Debug|Any CPU.Build.0 = Debug|Any CPU
		{201C2C29-C7A2-3C72-5BA4-484FC6B35FCD}.Release|Any CPU.ActiveCfg = Release|Any CPU
		{201C2C29-C7A2-3C72-5BA4-484FC6B35FCD}.Release|Any CPU.Build.0 = Release|Any CPU
		{ACD469DC-622C-7C84-8C27-5BD16745107D}.Debug|Any CPU.ActiveCfg = Debug|Any CPU
		{ACD469DC-622C-7C84-8C27-5BD16745107D}.Debug|Any CPU.Build.0 = Debug|Any CPU
		{ACD469DC-622C-7C84-8C27-5BD16745107D}.Release|Any CPU.ActiveCfg = Release|Any CPU
		{ACD469DC-622C-7C84-8C27-5BD16745107D}.Release|Any CPU.Build.0 = Release|Any CPU
		{90C492D5-6787-713B-5AE4-15BA1C804666}.Debug|Any CPU.ActiveCfg = Debug|Any CPU
		{90C492D5-6787-713B-5AE4-15BA1C804666}.Debug|Any CPU.Build.0 = Debug|Any CPU
		{90C492D5-6787-713B-5AE4-15BA1C804666}.Release|Any CPU.ActiveCfg = Release|Any CPU
		{90C492D5-6787-713B-5AE4-15BA1C804666}.Release|Any CPU.Build.0 = Release|Any CPU
		{A5A2BFF3-3D23-2C5E-2414-763A69CC6BA4}.Debug|Any CPU.ActiveCfg = Debug|Any CPU
		{A5A2BFF3-3D23-2C5E-2414-763A69CC6BA4}.Debug|Any CPU.Build.0 = Debug|Any CPU
		{A5A2BFF3-3D23-2C5E-2414-763A69CC6BA4}.Release|Any CPU.ActiveCfg = Release|Any CPU
		{A5A2BFF3-3D23-2C5E-2414-763A69CC6BA4}.Release|Any CPU.Build.0 = Release|Any CPU
		{9BA1A0DD-768C-ACAC-927E-B03B16A1961B}.Debug|Any CPU.ActiveCfg = Debug|Any CPU
		{9BA1A0DD-768C-ACAC-927E-B03B16A1961B}.Debug|Any CPU.Build.0 = Debug|Any CPU
		{9BA1A0DD-768C-ACAC-927E-B03B16A1961B}.Release|Any CPU.ActiveCfg = Release|Any CPU
		{9BA1A0DD-768C-ACAC-927E-B03B16A1961B}.Release|Any CPU.Build.0 = Release|Any CPU
		{E54AB8FE-5437-8E9C-A00B-AB94A0CBC73A}.Debug|Any CPU.ActiveCfg = Debug|Any CPU
		{E54AB8FE-5437-8E9C-A00B-AB94A0CBC73A}.Debug|Any CPU.Build.0 = Debug|Any CPU
		{E54AB8FE-5437-8E9C-A00B-AB94A0CBC73A}.Release|Any CPU.ActiveCfg = Release|Any CPU
		{E54AB8FE-5437-8E9C-A00B-AB94A0CBC73A}.Release|Any CPU.Build.0 = Release|Any CPU
		{33FD2DA7-4C5D-05A9-B8D4-8D56895A04FF}.Debug|Any CPU.ActiveCfg = Debug|Any CPU
		{33FD2DA7-4C5D-05A9-B8D4-8D56895A04FF}.Debug|Any CPU.Build.0 = Debug|Any CPU
		{33FD2DA7-4C5D-05A9-B8D4-8D56895A04FF}.Release|Any CPU.ActiveCfg = Release|Any CPU
		{33FD2DA7-4C5D-05A9-B8D4-8D56895A04FF}.Release|Any CPU.Build.0 = Release|Any CPU
		{6ED951F6-A83B-EF1B-580A-FAF6F758D46A}.Debug|Any CPU.ActiveCfg = Debug|Any CPU
		{6ED951F6-A83B-EF1B-580A-FAF6F758D46A}.Debug|Any CPU.Build.0 = Debug|Any CPU
		{6ED951F6-A83B-EF1B-580A-FAF6F758D46A}.Release|Any CPU.ActiveCfg = Release|Any CPU
		{6ED951F6-A83B-EF1B-580A-FAF6F758D46A}.Release|Any CPU.Build.0 = Release|Any CPU
		{5D7D5F57-7D26-1445-7A3A-7273290CE36C}.Debug|Any CPU.ActiveCfg = Debug|Any CPU
		{5D7D5F57-7D26-1445-7A3A-7273290CE36C}.Debug|Any CPU.Build.0 = Debug|Any CPU
		{5D7D5F57-7D26-1445-7A3A-7273290CE36C}.Release|Any CPU.ActiveCfg = Release|Any CPU
		{5D7D5F57-7D26-1445-7A3A-7273290CE36C}.Release|Any CPU.Build.0 = Release|Any CPU
		{B5D9329C-8E06-29CB-7DA9-CA932E3253BA}.Debug|Any CPU.ActiveCfg = Debug|Any CPU
		{B5D9329C-8E06-29CB-7DA9-CA932E3253BA}.Debug|Any CPU.Build.0 = Debug|Any CPU
		{B5D9329C-8E06-29CB-7DA9-CA932E3253BA}.Release|Any CPU.ActiveCfg = Release|Any CPU
		{B5D9329C-8E06-29CB-7DA9-CA932E3253BA}.Release|Any CPU.Build.0 = Release|Any CPU
		{2C5B8F36-A733-B80D-CE5B-6CF9DF197C85}.Debug|Any CPU.ActiveCfg = Debug|Any CPU
		{2C5B8F36-A733-B80D-CE5B-6CF9DF197C85}.Debug|Any CPU.Build.0 = Debug|Any CPU
		{2C5B8F36-A733-B80D-CE5B-6CF9DF197C85}.Release|Any CPU.ActiveCfg = Release|Any CPU
		{2C5B8F36-A733-B80D-CE5B-6CF9DF197C85}.Release|Any CPU.Build.0 = Release|Any CPU
		{B957229F-173D-8C45-49AF-CD1963371143}.Debug|Any CPU.ActiveCfg = Debug|Any CPU
		{B957229F-173D-8C45-49AF-CD1963371143}.Debug|Any CPU.Build.0 = Debug|Any CPU
		{B957229F-173D-8C45-49AF-CD1963371143}.Release|Any CPU.ActiveCfg = Release|Any CPU
		{B957229F-173D-8C45-49AF-CD1963371143}.Release|Any CPU.Build.0 = Release|Any CPU
		{8B46689D-77EC-6CC1-2D24-1B7C4E0E65FA}.Debug|Any CPU.ActiveCfg = Debug|Any CPU
		{8B46689D-77EC-6CC1-2D24-1B7C4E0E65FA}.Debug|Any CPU.Build.0 = Debug|Any CPU
		{8B46689D-77EC-6CC1-2D24-1B7C4E0E65FA}.Release|Any CPU.ActiveCfg = Release|Any CPU
		{8B46689D-77EC-6CC1-2D24-1B7C4E0E65FA}.Release|Any CPU.Build.0 = Release|Any CPU
		{E079B2DC-CB9A-9112-30D4-45A439BF68AA}.Debug|Any CPU.ActiveCfg = Debug|Any CPU
		{E079B2DC-CB9A-9112-30D4-45A439BF68AA}.Debug|Any CPU.Build.0 = Debug|Any CPU
		{E079B2DC-CB9A-9112-30D4-45A439BF68AA}.Release|Any CPU.ActiveCfg = Release|Any CPU
		{E079B2DC-CB9A-9112-30D4-45A439BF68AA}.Release|Any CPU.Build.0 = Release|Any CPU
		{EC38ADA0-536E-9A3A-040E-6B97B18159C4}.Debug|Any CPU.ActiveCfg = Debug|Any CPU
		{EC38ADA0-536E-9A3A-040E-6B97B18159C4}.Debug|Any CPU.Build.0 = Debug|Any CPU
		{EC38ADA0-536E-9A3A-040E-6B97B18159C4}.Release|Any CPU.ActiveCfg = Release|Any CPU
		{EC38ADA0-536E-9A3A-040E-6B97B18159C4}.Release|Any CPU.Build.0 = Release|Any CPU
		{B4BFBE7C-5713-D636-2E78-73DC9A9C2117}.Debug|Any CPU.ActiveCfg = Debug|Any CPU
		{B4BFBE7C-5713-D636-2E78-73DC9A9C2117}.Debug|Any CPU.Build.0 = Debug|Any CPU
		{B4BFBE7C-5713-D636-2E78-73DC9A9C2117}.Release|Any CPU.ActiveCfg = Release|Any CPU
		{B4BFBE7C-5713-D636-2E78-73DC9A9C2117}.Release|Any CPU.Build.0 = Release|Any CPU
		{76238B09-0E69-7FA2-A6DD-B54751E92F31}.Debug|Any CPU.ActiveCfg = Debug|Any CPU
		{76238B09-0E69-7FA2-A6DD-B54751E92F31}.Debug|Any CPU.Build.0 = Debug|Any CPU
		{76238B09-0E69-7FA2-A6DD-B54751E92F31}.Release|Any CPU.ActiveCfg = Release|Any CPU
		{76238B09-0E69-7FA2-A6DD-B54751E92F31}.Release|Any CPU.Build.0 = Release|Any CPU
		{41CBA0A1-720D-AC31-2026-6C4AD6B57108}.Debug|Any CPU.ActiveCfg = Debug|Any CPU
		{41CBA0A1-720D-AC31-2026-6C4AD6B57108}.Debug|Any CPU.Build.0 = Debug|Any CPU
		{41CBA0A1-720D-AC31-2026-6C4AD6B57108}.Release|Any CPU.ActiveCfg = Release|Any CPU
		{41CBA0A1-720D-AC31-2026-6C4AD6B57108}.Release|Any CPU.Build.0 = Release|Any CPU
		{A0A425ED-F8E0-175D-DF7E-9776A4DC4AF0}.Debug|Any CPU.ActiveCfg = Debug|Any CPU
		{A0A425ED-F8E0-175D-DF7E-9776A4DC4AF0}.Debug|Any CPU.Build.0 = Debug|Any CPU
		{A0A425ED-F8E0-175D-DF7E-9776A4DC4AF0}.Release|Any CPU.ActiveCfg = Release|Any CPU
		{A0A425ED-F8E0-175D-DF7E-9776A4DC4AF0}.Release|Any CPU.Build.0 = Release|Any CPU
		{2A058D61-90DC-91E8-C2C9-FA317770E4C8}.Debug|Any CPU.ActiveCfg = Debug|Any CPU
		{2A058D61-90DC-91E8-C2C9-FA317770E4C8}.Debug|Any CPU.Build.0 = Debug|Any CPU
		{2A058D61-90DC-91E8-C2C9-FA317770E4C8}.Release|Any CPU.ActiveCfg = Release|Any CPU
		{2A058D61-90DC-91E8-C2C9-FA317770E4C8}.Release|Any CPU.Build.0 = Release|Any CPU
		{BE58755B-A7B1-CA7C-44AA-4821C979D5D1}.Debug|Any CPU.ActiveCfg = Debug|Any CPU
		{BE58755B-A7B1-CA7C-44AA-4821C979D5D1}.Debug|Any CPU.Build.0 = Debug|Any CPU
		{BE58755B-A7B1-CA7C-44AA-4821C979D5D1}.Release|Any CPU.ActiveCfg = Release|Any CPU
		{BE58755B-A7B1-CA7C-44AA-4821C979D5D1}.Release|Any CPU.Build.0 = Release|Any CPU
		{A6ABD203-8DF2-D845-4A2A-FA5120EBE058}.Debug|Any CPU.ActiveCfg = Debug|Any CPU
		{A6ABD203-8DF2-D845-4A2A-FA5120EBE058}.Debug|Any CPU.Build.0 = Debug|Any CPU
		{A6ABD203-8DF2-D845-4A2A-FA5120EBE058}.Release|Any CPU.ActiveCfg = Release|Any CPU
		{A6ABD203-8DF2-D845-4A2A-FA5120EBE058}.Release|Any CPU.Build.0 = Release|Any CPU
		{9DAAC6F2-8638-643A-A7EB-ADF5140492B1}.Debug|Any CPU.ActiveCfg = Debug|Any CPU
		{9DAAC6F2-8638-643A-A7EB-ADF5140492B1}.Debug|Any CPU.Build.0 = Debug|Any CPU
		{9DAAC6F2-8638-643A-A7EB-ADF5140492B1}.Release|Any CPU.ActiveCfg = Release|Any CPU
		{9DAAC6F2-8638-643A-A7EB-ADF5140492B1}.Release|Any CPU.Build.0 = Release|Any CPU
		{4641FDE5-A543-65C9-F58D-BDAD38BE7703}.Debug|Any CPU.ActiveCfg = Debug|Any CPU
		{4641FDE5-A543-65C9-F58D-BDAD38BE7703}.Debug|Any CPU.Build.0 = Debug|Any CPU
		{4641FDE5-A543-65C9-F58D-BDAD38BE7703}.Release|Any CPU.ActiveCfg = Release|Any CPU
		{4641FDE5-A543-65C9-F58D-BDAD38BE7703}.Release|Any CPU.Build.0 = Release|Any CPU
		{589DD287-3E78-C44C-B767-788FBB43A403}.Debug|Any CPU.ActiveCfg = Debug|Any CPU
		{589DD287-3E78-C44C-B767-788FBB43A403}.Debug|Any CPU.Build.0 = Debug|Any CPU
		{589DD287-3E78-C44C-B767-788FBB43A403}.Release|Any CPU.ActiveCfg = Release|Any CPU
		{589DD287-3E78-C44C-B767-788FBB43A403}.Release|Any CPU.Build.0 = Release|Any CPU
		{E9379690-86CB-F9A0-DAD9-870DD6E1D843}.Debug|Any CPU.ActiveCfg = Debug|Any CPU
		{E9379690-86CB-F9A0-DAD9-870DD6E1D843}.Debug|Any CPU.Build.0 = Debug|Any CPU
		{E9379690-86CB-F9A0-DAD9-870DD6E1D843}.Release|Any CPU.ActiveCfg = Release|Any CPU
		{E9379690-86CB-F9A0-DAD9-870DD6E1D843}.Release|Any CPU.Build.0 = Release|Any CPU
		{A305A8E5-DC0D-A644-C555-885D997AA613}.Debug|Any CPU.ActiveCfg = Debug|Any CPU
		{A305A8E5-DC0D-A644-C555-885D997AA613}.Debug|Any CPU.Build.0 = Debug|Any CPU
		{A305A8E5-DC0D-A644-C555-885D997AA613}.Release|Any CPU.ActiveCfg = Release|Any CPU
		{A305A8E5-DC0D-A644-C555-885D997AA613}.Release|Any CPU.Build.0 = Release|Any CPU
		{FEDB7EDA-2F2C-653C-808E-2A4F4FA460BF}.Debug|Any CPU.ActiveCfg = Debug|Any CPU
		{FEDB7EDA-2F2C-653C-808E-2A4F4FA460BF}.Debug|Any CPU.Build.0 = Debug|Any CPU
		{FEDB7EDA-2F2C-653C-808E-2A4F4FA460BF}.Release|Any CPU.ActiveCfg = Release|Any CPU
		{FEDB7EDA-2F2C-653C-808E-2A4F4FA460BF}.Release|Any CPU.Build.0 = Release|Any CPU
		{BC817BA6-07FF-E4EC-3057-9B1C3F26D00C}.Debug|Any CPU.ActiveCfg = Debug|Any CPU
		{BC817BA6-07FF-E4EC-3057-9B1C3F26D00C}.Debug|Any CPU.Build.0 = Debug|Any CPU
		{BC817BA6-07FF-E4EC-3057-9B1C3F26D00C}.Release|Any CPU.ActiveCfg = Release|Any CPU
		{BC817BA6-07FF-E4EC-3057-9B1C3F26D00C}.Release|Any CPU.Build.0 = Release|Any CPU
		{DFF8ABD9-54AE-11EC-6619-B2735FC79701}.Debug|Any CPU.ActiveCfg = Debug|Any CPU
		{DFF8ABD9-54AE-11EC-6619-B2735FC79701}.Debug|Any CPU.Build.0 = Debug|Any CPU
		{DFF8ABD9-54AE-11EC-6619-B2735FC79701}.Release|Any CPU.ActiveCfg = Release|Any CPU
		{DFF8ABD9-54AE-11EC-6619-B2735FC79701}.Release|Any CPU.Build.0 = Release|Any CPU
		{5FF82DDE-DFEE-98E4-F1FE-1999FA3B5B6B}.Debug|Any CPU.ActiveCfg = Debug|Any CPU
		{5FF82DDE-DFEE-98E4-F1FE-1999FA3B5B6B}.Debug|Any CPU.Build.0 = Debug|Any CPU
		{5FF82DDE-DFEE-98E4-F1FE-1999FA3B5B6B}.Release|Any CPU.ActiveCfg = Release|Any CPU
		{5FF82DDE-DFEE-98E4-F1FE-1999FA3B5B6B}.Release|Any CPU.Build.0 = Release|Any CPU
		{769EB0D9-85C7-9678-801E-B808E2D2D69F}.Debug|Any CPU.ActiveCfg = Debug|Any CPU
		{769EB0D9-85C7-9678-801E-B808E2D2D69F}.Debug|Any CPU.Build.0 = Debug|Any CPU
		{769EB0D9-85C7-9678-801E-B808E2D2D69F}.Release|Any CPU.ActiveCfg = Release|Any CPU
		{769EB0D9-85C7-9678-801E-B808E2D2D69F}.Release|Any CPU.Build.0 = Release|Any CPU
		{4D481781-218B-5638-A77E-98B4E4983287}.Debug|Any CPU.ActiveCfg = Debug|Any CPU
		{4D481781-218B-5638-A77E-98B4E4983287}.Debug|Any CPU.Build.0 = Debug|Any CPU
		{4D481781-218B-5638-A77E-98B4E4983287}.Release|Any CPU.ActiveCfg = Release|Any CPU
		{4D481781-218B-5638-A77E-98B4E4983287}.Release|Any CPU.Build.0 = Release|Any CPU
		{2BC4EBF2-7117-3BB0-D3E3-24DA47472F1D}.Debug|Any CPU.ActiveCfg = Debug|Any CPU
		{2BC4EBF2-7117-3BB0-D3E3-24DA47472F1D}.Debug|Any CPU.Build.0 = Debug|Any CPU
		{2BC4EBF2-7117-3BB0-D3E3-24DA47472F1D}.Release|Any CPU.ActiveCfg = Release|Any CPU
		{2BC4EBF2-7117-3BB0-D3E3-24DA47472F1D}.Release|Any CPU.Build.0 = Release|Any CPU
		{5FC16BA2-B75B-6553-70DA-F06CC8507E8C}.Debug|Any CPU.ActiveCfg = Debug|Any CPU
		{5FC16BA2-B75B-6553-70DA-F06CC8507E8C}.Debug|Any CPU.Build.0 = Debug|Any CPU
		{5FC16BA2-B75B-6553-70DA-F06CC8507E8C}.Release|Any CPU.ActiveCfg = Release|Any CPU
		{5FC16BA2-B75B-6553-70DA-F06CC8507E8C}.Release|Any CPU.Build.0 = Release|Any CPU
		{A41A84DE-D34A-4681-9475-F0E3FEBF5B67}.Debug|Any CPU.ActiveCfg = Debug|Any CPU
		{A41A84DE-D34A-4681-9475-F0E3FEBF5B67}.Debug|Any CPU.Build.0 = Debug|Any CPU
		{A41A84DE-D34A-4681-9475-F0E3FEBF5B67}.Release|Any CPU.ActiveCfg = Release|Any CPU
		{A41A84DE-D34A-4681-9475-F0E3FEBF5B67}.Release|Any CPU.Build.0 = Release|Any CPU
		{8E892759-BDBD-6D0F-CD7A-92721A03EDB4}.Debug|Any CPU.ActiveCfg = Debug|Any CPU
		{8E892759-BDBD-6D0F-CD7A-92721A03EDB4}.Debug|Any CPU.Build.0 = Debug|Any CPU
		{8E892759-BDBD-6D0F-CD7A-92721A03EDB4}.Release|Any CPU.ActiveCfg = Release|Any CPU
		{8E892759-BDBD-6D0F-CD7A-92721A03EDB4}.Release|Any CPU.Build.0 = Release|Any CPU
		{BF884093-12BF-A28D-3A6D-AED06FAA33AF}.Debug|Any CPU.ActiveCfg = Debug|Any CPU
		{BF884093-12BF-A28D-3A6D-AED06FAA33AF}.Debug|Any CPU.Build.0 = Debug|Any CPU
		{BF884093-12BF-A28D-3A6D-AED06FAA33AF}.Release|Any CPU.ActiveCfg = Release|Any CPU
		{BF884093-12BF-A28D-3A6D-AED06FAA33AF}.Release|Any CPU.Build.0 = Release|Any CPU
		{69AC127B-34C9-24CC-0EDF-DAAEA77F5AE2}.Debug|Any CPU.ActiveCfg = Debug|Any CPU
		{69AC127B-34C9-24CC-0EDF-DAAEA77F5AE2}.Debug|Any CPU.Build.0 = Debug|Any CPU
		{69AC127B-34C9-24CC-0EDF-DAAEA77F5AE2}.Release|Any CPU.ActiveCfg = Release|Any CPU
		{69AC127B-34C9-24CC-0EDF-DAAEA77F5AE2}.Release|Any CPU.Build.0 = Release|Any CPU
		{3EF5CB2D-192E-C203-B3AD-2B280FA7546B}.Debug|Any CPU.ActiveCfg = Debug|Any CPU
		{3EF5CB2D-192E-C203-B3AD-2B280FA7546B}.Debug|Any CPU.Build.0 = Debug|Any CPU
		{3EF5CB2D-192E-C203-B3AD-2B280FA7546B}.Release|Any CPU.ActiveCfg = Release|Any CPU
		{3EF5CB2D-192E-C203-B3AD-2B280FA7546B}.Release|Any CPU.Build.0 = Release|Any CPU
		{EA9459BE-D8AA-BDD0-6109-B4A01429DAAE}.Debug|Any CPU.ActiveCfg = Debug|Any CPU
		{EA9459BE-D8AA-BDD0-6109-B4A01429DAAE}.Debug|Any CPU.Build.0 = Debug|Any CPU
		{EA9459BE-D8AA-BDD0-6109-B4A01429DAAE}.Release|Any CPU.ActiveCfg = Release|Any CPU
		{EA9459BE-D8AA-BDD0-6109-B4A01429DAAE}.Release|Any CPU.Build.0 = Release|Any CPU
		{FB842E66-F5FE-B3F8-C329-B4E72E317ED0}.Debug|Any CPU.ActiveCfg = Debug|Any CPU
		{FB842E66-F5FE-B3F8-C329-B4E72E317ED0}.Debug|Any CPU.Build.0 = Debug|Any CPU
		{FB842E66-F5FE-B3F8-C329-B4E72E317ED0}.Release|Any CPU.ActiveCfg = Release|Any CPU
		{FB842E66-F5FE-B3F8-C329-B4E72E317ED0}.Release|Any CPU.Build.0 = Release|Any CPU
		{976B7A9E-CB7B-170D-EC25-808BC647EAA1}.Debug|Any CPU.ActiveCfg = Debug|Any CPU
		{976B7A9E-CB7B-170D-EC25-808BC647EAA1}.Debug|Any CPU.Build.0 = Debug|Any CPU
		{976B7A9E-CB7B-170D-EC25-808BC647EAA1}.Release|Any CPU.ActiveCfg = Release|Any CPU
		{976B7A9E-CB7B-170D-EC25-808BC647EAA1}.Release|Any CPU.Build.0 = Release|Any CPU
		{97F29BD1-8F08-6778-873D-AD2BD225B2D0}.Debug|Any CPU.ActiveCfg = Debug|Any CPU
		{97F29BD1-8F08-6778-873D-AD2BD225B2D0}.Debug|Any CPU.Build.0 = Debug|Any CPU
		{97F29BD1-8F08-6778-873D-AD2BD225B2D0}.Release|Any CPU.ActiveCfg = Release|Any CPU
		{97F29BD1-8F08-6778-873D-AD2BD225B2D0}.Release|Any CPU.Build.0 = Release|Any CPU
		{4797DABD-9934-E3E4-5502-21BD4ACE97BE}.Debug|Any CPU.ActiveCfg = Debug|Any CPU
		{4797DABD-9934-E3E4-5502-21BD4ACE97BE}.Debug|Any CPU.Build.0 = Debug|Any CPU
		{4797DABD-9934-E3E4-5502-21BD4ACE97BE}.Release|Any CPU.ActiveCfg = Release|Any CPU
		{4797DABD-9934-E3E4-5502-21BD4ACE97BE}.Release|Any CPU.Build.0 = Release|Any CPU
		{65950B70-6A99-BC96-CDA3-85964A09825F}.Debug|Any CPU.ActiveCfg = Debug|Any CPU
		{65950B70-6A99-BC96-CDA3-85964A09825F}.Debug|Any CPU.Build.0 = Debug|Any CPU
		{65950B70-6A99-BC96-CDA3-85964A09825F}.Release|Any CPU.ActiveCfg = Release|Any CPU
		{65950B70-6A99-BC96-CDA3-85964A09825F}.Release|Any CPU.Build.0 = Release|Any CPU
		{2C1D38CC-78F6-6B5B-DFFC-C76CC3DE40D5}.Debug|Any CPU.ActiveCfg = Debug|Any CPU
		{2C1D38CC-78F6-6B5B-DFFC-C76CC3DE40D5}.Debug|Any CPU.Build.0 = Debug|Any CPU
		{2C1D38CC-78F6-6B5B-DFFC-C76CC3DE40D5}.Release|Any CPU.ActiveCfg = Release|Any CPU
		{2C1D38CC-78F6-6B5B-DFFC-C76CC3DE40D5}.Release|Any CPU.Build.0 = Release|Any CPU
		{0DC9D994-947E-24BB-4FB9-0CA687D50B36}.Debug|Any CPU.ActiveCfg = Debug|Any CPU
		{0DC9D994-947E-24BB-4FB9-0CA687D50B36}.Debug|Any CPU.Build.0 = Debug|Any CPU
		{0DC9D994-947E-24BB-4FB9-0CA687D50B36}.Release|Any CPU.ActiveCfg = Release|Any CPU
		{0DC9D994-947E-24BB-4FB9-0CA687D50B36}.Release|Any CPU.Build.0 = Release|Any CPU
		{CB7C20C0-0F3A-DAC8-EFAE-FFAF39211327}.Debug|Any CPU.ActiveCfg = Debug|Any CPU
		{CB7C20C0-0F3A-DAC8-EFAE-FFAF39211327}.Debug|Any CPU.Build.0 = Debug|Any CPU
		{CB7C20C0-0F3A-DAC8-EFAE-FFAF39211327}.Release|Any CPU.ActiveCfg = Release|Any CPU
		{CB7C20C0-0F3A-DAC8-EFAE-FFAF39211327}.Release|Any CPU.Build.0 = Release|Any CPU
		{241E6DC1-C5EC-4113-AE9C-17447D27A74E}.Debug|Any CPU.ActiveCfg = Debug|Any CPU
		{241E6DC1-C5EC-4113-AE9C-17447D27A74E}.Debug|Any CPU.Build.0 = Debug|Any CPU
		{241E6DC1-C5EC-4113-AE9C-17447D27A74E}.Release|Any CPU.ActiveCfg = Release|Any CPU
		{241E6DC1-C5EC-4113-AE9C-17447D27A74E}.Release|Any CPU.Build.0 = Release|Any CPU
		{B9C0F84D-4285-B3EE-1A57-099DDDEF9698}.Debug|Any CPU.ActiveCfg = Debug|Any CPU
		{B9C0F84D-4285-B3EE-1A57-099DDDEF9698}.Debug|Any CPU.Build.0 = Debug|Any CPU
		{B9C0F84D-4285-B3EE-1A57-099DDDEF9698}.Release|Any CPU.ActiveCfg = Release|Any CPU
		{B9C0F84D-4285-B3EE-1A57-099DDDEF9698}.Release|Any CPU.Build.0 = Release|Any CPU
		{E2F2CDDD-BC55-B9CC-D149-ECF4F1341BEA}.Debug|Any CPU.ActiveCfg = Debug|Any CPU
		{E2F2CDDD-BC55-B9CC-D149-ECF4F1341BEA}.Debug|Any CPU.Build.0 = Debug|Any CPU
		{E2F2CDDD-BC55-B9CC-D149-ECF4F1341BEA}.Release|Any CPU.ActiveCfg = Release|Any CPU
		{E2F2CDDD-BC55-B9CC-D149-ECF4F1341BEA}.Release|Any CPU.Build.0 = Release|Any CPU
		{316DA3CD-3C86-2C42-1A80-D6EF1C3617AB}.Debug|Any CPU.ActiveCfg = Debug|Any CPU
		{316DA3CD-3C86-2C42-1A80-D6EF1C3617AB}.Debug|Any CPU.Build.0 = Debug|Any CPU
		{316DA3CD-3C86-2C42-1A80-D6EF1C3617AB}.Release|Any CPU.ActiveCfg = Release|Any CPU
		{316DA3CD-3C86-2C42-1A80-D6EF1C3617AB}.Release|Any CPU.Build.0 = Release|Any CPU
		{4E37B05E-338C-4E6D-D96D-D4F79E886FBC}.Debug|Any CPU.ActiveCfg = Debug|Any CPU
		{4E37B05E-338C-4E6D-D96D-D4F79E886FBC}.Debug|Any CPU.Build.0 = Debug|Any CPU
		{4E37B05E-338C-4E6D-D96D-D4F79E886FBC}.Release|Any CPU.ActiveCfg = Release|Any CPU
		{4E37B05E-338C-4E6D-D96D-D4F79E886FBC}.Release|Any CPU.Build.0 = Release|Any CPU
		{66A8B8A9-6198-0365-7DBF-F50C0F3933D9}.Debug|Any CPU.ActiveCfg = Debug|Any CPU
		{66A8B8A9-6198-0365-7DBF-F50C0F3933D9}.Debug|Any CPU.Build.0 = Debug|Any CPU
		{66A8B8A9-6198-0365-7DBF-F50C0F3933D9}.Release|Any CPU.ActiveCfg = Release|Any CPU
		{66A8B8A9-6198-0365-7DBF-F50C0F3933D9}.Release|Any CPU.Build.0 = Release|Any CPU
		{61120B1E-0E01-03D8-F541-B62B201F20EF}.Debug|Any CPU.ActiveCfg = Debug|Any CPU
		{61120B1E-0E01-03D8-F541-B62B201F20EF}.Debug|Any CPU.Build.0 = Debug|Any CPU
		{61120B1E-0E01-03D8-F541-B62B201F20EF}.Release|Any CPU.ActiveCfg = Release|Any CPU
		{61120B1E-0E01-03D8-F541-B62B201F20EF}.Release|Any CPU.Build.0 = Release|Any CPU
		{41C56519-2EF4-B896-0BDD-9E5C917869B2}.Debug|Any CPU.ActiveCfg = Debug|Any CPU
		{41C56519-2EF4-B896-0BDD-9E5C917869B2}.Debug|Any CPU.Build.0 = Debug|Any CPU
		{41C56519-2EF4-B896-0BDD-9E5C917869B2}.Release|Any CPU.ActiveCfg = Release|Any CPU
		{41C56519-2EF4-B896-0BDD-9E5C917869B2}.Release|Any CPU.Build.0 = Release|Any CPU
		{50B372B1-2CFC-091E-7199-381F34109239}.Debug|Any CPU.ActiveCfg = Debug|Any CPU
		{50B372B1-2CFC-091E-7199-381F34109239}.Debug|Any CPU.Build.0 = Debug|Any CPU
		{50B372B1-2CFC-091E-7199-381F34109239}.Release|Any CPU.ActiveCfg = Release|Any CPU
		{50B372B1-2CFC-091E-7199-381F34109239}.Release|Any CPU.Build.0 = Release|Any CPU
		{334CC033-CE95-45F8-07AF-1F868FB2B9A2}.Debug|Any CPU.ActiveCfg = Debug|Any CPU
		{334CC033-CE95-45F8-07AF-1F868FB2B9A2}.Debug|Any CPU.Build.0 = Debug|Any CPU
		{334CC033-CE95-45F8-07AF-1F868FB2B9A2}.Release|Any CPU.ActiveCfg = Release|Any CPU
		{334CC033-CE95-45F8-07AF-1F868FB2B9A2}.Release|Any CPU.Build.0 = Release|Any CPU
		{9A264DDA-8409-0F9B-6D29-AA000C59568E}.Debug|Any CPU.ActiveCfg = Debug|Any CPU
		{9A264DDA-8409-0F9B-6D29-AA000C59568E}.Debug|Any CPU.Build.0 = Debug|Any CPU
		{9A264DDA-8409-0F9B-6D29-AA000C59568E}.Release|Any CPU.ActiveCfg = Release|Any CPU
		{9A264DDA-8409-0F9B-6D29-AA000C59568E}.Release|Any CPU.Build.0 = Release|Any CPU
		{943CE653-462B-ACAF-DD7C-C2337EA35BD3}.Debug|Any CPU.ActiveCfg = Debug|Any CPU
		{943CE653-462B-ACAF-DD7C-C2337EA35BD3}.Debug|Any CPU.Build.0 = Debug|Any CPU
		{943CE653-462B-ACAF-DD7C-C2337EA35BD3}.Release|Any CPU.ActiveCfg = Release|Any CPU
		{943CE653-462B-ACAF-DD7C-C2337EA35BD3}.Release|Any CPU.Build.0 = Release|Any CPU
		{F6B1481A-2FF5-8246-BDDC-7B0E01A3C92D}.Debug|Any CPU.ActiveCfg = Debug|Any CPU
		{F6B1481A-2FF5-8246-BDDC-7B0E01A3C92D}.Debug|Any CPU.Build.0 = Debug|Any CPU
		{F6B1481A-2FF5-8246-BDDC-7B0E01A3C92D}.Release|Any CPU.ActiveCfg = Release|Any CPU
		{F6B1481A-2FF5-8246-BDDC-7B0E01A3C92D}.Release|Any CPU.Build.0 = Release|Any CPU
		{5041CB6A-4CCE-FAFB-7CCE-797D551C5313}.Debug|Any CPU.ActiveCfg = Debug|Any CPU
		{5041CB6A-4CCE-FAFB-7CCE-797D551C5313}.Debug|Any CPU.Build.0 = Debug|Any CPU
		{5041CB6A-4CCE-FAFB-7CCE-797D551C5313}.Release|Any CPU.ActiveCfg = Release|Any CPU
		{5041CB6A-4CCE-FAFB-7CCE-797D551C5313}.Release|Any CPU.Build.0 = Release|Any CPU
		{E17F114E-ADD3-5B1C-797D-B123C3465292}.Debug|Any CPU.ActiveCfg = Debug|Any CPU
		{E17F114E-ADD3-5B1C-797D-B123C3465292}.Debug|Any CPU.Build.0 = Debug|Any CPU
		{E17F114E-ADD3-5B1C-797D-B123C3465292}.Release|Any CPU.ActiveCfg = Release|Any CPU
		{E17F114E-ADD3-5B1C-797D-B123C3465292}.Release|Any CPU.Build.0 = Release|Any CPU
		{1761BE9B-BD71-DD1E-128F-126647092FB2}.Debug|Any CPU.ActiveCfg = Debug|Any CPU
		{1761BE9B-BD71-DD1E-128F-126647092FB2}.Debug|Any CPU.Build.0 = Debug|Any CPU
		{1761BE9B-BD71-DD1E-128F-126647092FB2}.Release|Any CPU.ActiveCfg = Release|Any CPU
		{1761BE9B-BD71-DD1E-128F-126647092FB2}.Release|Any CPU.Build.0 = Release|Any CPU
		{E354808E-9FD0-FA2D-44C1-FADF432248F8}.Debug|Any CPU.ActiveCfg = Debug|Any CPU
		{E354808E-9FD0-FA2D-44C1-FADF432248F8}.Debug|Any CPU.Build.0 = Debug|Any CPU
		{E354808E-9FD0-FA2D-44C1-FADF432248F8}.Release|Any CPU.ActiveCfg = Release|Any CPU
		{E354808E-9FD0-FA2D-44C1-FADF432248F8}.Release|Any CPU.Build.0 = Release|Any CPU
		{3DEE8817-F5F9-1A65-5BA0-2CE4D7E18CAC}.Debug|Any CPU.ActiveCfg = Debug|Any CPU
		{3DEE8817-F5F9-1A65-5BA0-2CE4D7E18CAC}.Debug|Any CPU.Build.0 = Debug|Any CPU
		{3DEE8817-F5F9-1A65-5BA0-2CE4D7E18CAC}.Release|Any CPU.ActiveCfg = Release|Any CPU
		{3DEE8817-F5F9-1A65-5BA0-2CE4D7E18CAC}.Release|Any CPU.Build.0 = Release|Any CPU
		{9919AD89-79CC-C431-BC97-8D8325042E94}.Debug|Any CPU.ActiveCfg = Debug|Any CPU
		{9919AD89-79CC-C431-BC97-8D8325042E94}.Debug|Any CPU.Build.0 = Debug|Any CPU
		{9919AD89-79CC-C431-BC97-8D8325042E94}.Release|Any CPU.ActiveCfg = Release|Any CPU
		{9919AD89-79CC-C431-BC97-8D8325042E94}.Release|Any CPU.Build.0 = Release|Any CPU
		{4300B468-CF63-5513-0A38-7EE792A2EC17}.Debug|Any CPU.ActiveCfg = Debug|Any CPU
		{4300B468-CF63-5513-0A38-7EE792A2EC17}.Debug|Any CPU.Build.0 = Debug|Any CPU
		{4300B468-CF63-5513-0A38-7EE792A2EC17}.Release|Any CPU.ActiveCfg = Release|Any CPU
		{4300B468-CF63-5513-0A38-7EE792A2EC17}.Release|Any CPU.Build.0 = Release|Any CPU
		{7FA1B060-94BB-1247-B114-539712267F39}.Debug|Any CPU.ActiveCfg = Debug|Any CPU
		{7FA1B060-94BB-1247-B114-539712267F39}.Debug|Any CPU.Build.0 = Debug|Any CPU
		{7FA1B060-94BB-1247-B114-539712267F39}.Release|Any CPU.ActiveCfg = Release|Any CPU
		{7FA1B060-94BB-1247-B114-539712267F39}.Release|Any CPU.Build.0 = Release|Any CPU
		{882BCB0D-955C-24A2-4DA2-1AFFC7AED51E}.Debug|Any CPU.ActiveCfg = Debug|Any CPU
		{882BCB0D-955C-24A2-4DA2-1AFFC7AED51E}.Debug|Any CPU.Build.0 = Debug|Any CPU
		{882BCB0D-955C-24A2-4DA2-1AFFC7AED51E}.Release|Any CPU.ActiveCfg = Release|Any CPU
		{882BCB0D-955C-24A2-4DA2-1AFFC7AED51E}.Release|Any CPU.Build.0 = Release|Any CPU
		{0301FC88-BD72-AE40-D8E9-F7E7892D1117}.Debug|Any CPU.ActiveCfg = Debug|Any CPU
		{0301FC88-BD72-AE40-D8E9-F7E7892D1117}.Debug|Any CPU.Build.0 = Debug|Any CPU
		{0301FC88-BD72-AE40-D8E9-F7E7892D1117}.Release|Any CPU.ActiveCfg = Release|Any CPU
		{0301FC88-BD72-AE40-D8E9-F7E7892D1117}.Release|Any CPU.Build.0 = Release|Any CPU
		{2FC7F038-5206-AC1B-E79A-E7EF770F03D5}.Debug|Any CPU.ActiveCfg = Debug|Any CPU
		{2FC7F038-5206-AC1B-E79A-E7EF770F03D5}.Debug|Any CPU.Build.0 = Debug|Any CPU
		{2FC7F038-5206-AC1B-E79A-E7EF770F03D5}.Release|Any CPU.ActiveCfg = Release|Any CPU
		{2FC7F038-5206-AC1B-E79A-E7EF770F03D5}.Release|Any CPU.Build.0 = Release|Any CPU
		{58F3CED1-0DF1-6143-ADE7-2F300F8DF4D1}.Debug|Any CPU.ActiveCfg = Debug|Any CPU
		{58F3CED1-0DF1-6143-ADE7-2F300F8DF4D1}.Debug|Any CPU.Build.0 = Debug|Any CPU
		{58F3CED1-0DF1-6143-ADE7-2F300F8DF4D1}.Release|Any CPU.ActiveCfg = Release|Any CPU
		{58F3CED1-0DF1-6143-ADE7-2F300F8DF4D1}.Release|Any CPU.Build.0 = Release|Any CPU
		{BCF8A4D8-4883-EAF3-FC0C-683FD90F1108}.Debug|Any CPU.ActiveCfg = Debug|Any CPU
		{BCF8A4D8-4883-EAF3-FC0C-683FD90F1108}.Debug|Any CPU.Build.0 = Debug|Any CPU
		{BCF8A4D8-4883-EAF3-FC0C-683FD90F1108}.Release|Any CPU.ActiveCfg = Release|Any CPU
		{BCF8A4D8-4883-EAF3-FC0C-683FD90F1108}.Release|Any CPU.Build.0 = Release|Any CPU
		{B62B86D3-F544-F965-3A19-233DD7F76C64}.Debug|Any CPU.ActiveCfg = Debug|Any CPU
		{B62B86D3-F544-F965-3A19-233DD7F76C64}.Debug|Any CPU.Build.0 = Debug|Any CPU
		{B62B86D3-F544-F965-3A19-233DD7F76C64}.Release|Any CPU.ActiveCfg = Release|Any CPU
		{B62B86D3-F544-F965-3A19-233DD7F76C64}.Release|Any CPU.Build.0 = Release|Any CPU
		{DA6AF420-FB4E-6B98-9FDB-8D1DA9DE16B8}.Debug|Any CPU.ActiveCfg = Debug|Any CPU
		{DA6AF420-FB4E-6B98-9FDB-8D1DA9DE16B8}.Debug|Any CPU.Build.0 = Debug|Any CPU
		{DA6AF420-FB4E-6B98-9FDB-8D1DA9DE16B8}.Release|Any CPU.ActiveCfg = Release|Any CPU
		{DA6AF420-FB4E-6B98-9FDB-8D1DA9DE16B8}.Release|Any CPU.Build.0 = Release|Any CPU
		{DAF89788-62E8-2138-BFDC-4685569AF672}.Debug|Any CPU.ActiveCfg = Debug|Any CPU
		{DAF89788-62E8-2138-BFDC-4685569AF672}.Debug|Any CPU.Build.0 = Debug|Any CPU
		{DAF89788-62E8-2138-BFDC-4685569AF672}.Release|Any CPU.ActiveCfg = Release|Any CPU
		{DAF89788-62E8-2138-BFDC-4685569AF672}.Release|Any CPU.Build.0 = Release|Any CPU
		{61FE4EDE-B030-E570-CB4C-AFF617961A14}.Debug|Any CPU.ActiveCfg = Debug|Any CPU
		{61FE4EDE-B030-E570-CB4C-AFF617961A14}.Debug|Any CPU.Build.0 = Debug|Any CPU
		{61FE4EDE-B030-E570-CB4C-AFF617961A14}.Release|Any CPU.ActiveCfg = Release|Any CPU
		{61FE4EDE-B030-E570-CB4C-AFF617961A14}.Release|Any CPU.Build.0 = Release|Any CPU
		{FCF5F08B-B3DE-B11B-875F-480602E577C4}.Debug|Any CPU.ActiveCfg = Debug|Any CPU
		{FCF5F08B-B3DE-B11B-875F-480602E577C4}.Debug|Any CPU.Build.0 = Debug|Any CPU
		{FCF5F08B-B3DE-B11B-875F-480602E577C4}.Release|Any CPU.ActiveCfg = Release|Any CPU
		{FCF5F08B-B3DE-B11B-875F-480602E577C4}.Release|Any CPU.Build.0 = Release|Any CPU
		{2567C2DE-1C53-F175-5F98-34DD6FD0C92A}.Debug|Any CPU.ActiveCfg = Debug|Any CPU
		{2567C2DE-1C53-F175-5F98-34DD6FD0C92A}.Debug|Any CPU.Build.0 = Debug|Any CPU
		{2567C2DE-1C53-F175-5F98-34DD6FD0C92A}.Release|Any CPU.ActiveCfg = Release|Any CPU
		{2567C2DE-1C53-F175-5F98-34DD6FD0C92A}.Release|Any CPU.Build.0 = Release|Any CPU
		{1466B197-DD49-DD53-C5E7-94E65DB98318}.Debug|Any CPU.ActiveCfg = Debug|Any CPU
		{1466B197-DD49-DD53-C5E7-94E65DB98318}.Debug|Any CPU.Build.0 = Debug|Any CPU
		{1466B197-DD49-DD53-C5E7-94E65DB98318}.Release|Any CPU.ActiveCfg = Release|Any CPU
		{1466B197-DD49-DD53-C5E7-94E65DB98318}.Release|Any CPU.Build.0 = Release|Any CPU
		{07B2AB35-B618-01D1-FC8A-8991D4BB87F3}.Debug|Any CPU.ActiveCfg = Debug|Any CPU
		{07B2AB35-B618-01D1-FC8A-8991D4BB87F3}.Debug|Any CPU.Build.0 = Debug|Any CPU
		{07B2AB35-B618-01D1-FC8A-8991D4BB87F3}.Release|Any CPU.ActiveCfg = Release|Any CPU
		{07B2AB35-B618-01D1-FC8A-8991D4BB87F3}.Release|Any CPU.Build.0 = Release|Any CPU
		{FB26AEA6-262F-9EDB-F292-82637F107034}.Debug|Any CPU.ActiveCfg = Debug|Any CPU
		{FB26AEA6-262F-9EDB-F292-82637F107034}.Debug|Any CPU.Build.0 = Debug|Any CPU
		{FB26AEA6-262F-9EDB-F292-82637F107034}.Release|Any CPU.ActiveCfg = Release|Any CPU
		{FB26AEA6-262F-9EDB-F292-82637F107034}.Release|Any CPU.Build.0 = Release|Any CPU
		{83B9451F-917B-D458-074C-6A6860406748}.Debug|Any CPU.ActiveCfg = Debug|Any CPU
		{83B9451F-917B-D458-074C-6A6860406748}.Debug|Any CPU.Build.0 = Debug|Any CPU
		{83B9451F-917B-D458-074C-6A6860406748}.Release|Any CPU.ActiveCfg = Release|Any CPU
		{83B9451F-917B-D458-074C-6A6860406748}.Release|Any CPU.Build.0 = Release|Any CPU
		{3354E1C3-854C-A4CA-61E5-F538343E4052}.Debug|Any CPU.ActiveCfg = Debug|Any CPU
		{3354E1C3-854C-A4CA-61E5-F538343E4052}.Debug|Any CPU.Build.0 = Debug|Any CPU
		{3354E1C3-854C-A4CA-61E5-F538343E4052}.Release|Any CPU.ActiveCfg = Release|Any CPU
		{3354E1C3-854C-A4CA-61E5-F538343E4052}.Release|Any CPU.Build.0 = Release|Any CPU
	EndGlobalSection
	GlobalSection(SolutionProperties) = preSolution
		HideSolutionNode = FALSE
	EndGlobalSection
EndGlobal
