
Microsoft Visual Studio Solution File, Format Version 12.00
# Visual Studio 15
Project("{FAE04EC0-301F-11D3-BF4B-00C04F79EFBC}") = "Unity.ShaderGraph.Editor", "Unity.ShaderGraph.Editor.csproj", "{9766746A-05BA-B5BB-94DA-46293D23FD85}"
EndProject
Project("{FAE04EC0-301F-11D3-BF4B-00C04F79EFBC}") = "Unity.RenderPipelines.Universal.Runtime", "Unity.RenderPipelines.Universal.Runtime.csproj", "{7AAADD9B-358E-B31B-5C43-6D9F7DC9EBC4}"
EndProject
Project("{FAE04EC0-301F-11D3-BF4B-00C04F79EFBC}") = "UnityEditor.UI", "UnityEditor.UI.csproj", "{8C36B91B-5FE8-DBD2-DA87-3C271E3928A3}"
EndProject
Project("{FAE04EC0-301F-11D3-BF4B-00C04F79EFBC}") = "Unity.RenderPipelines.Core.Runtime", "Unity.RenderPipelines.Core.Runtime.csproj", "{4FA345DB-1F63-4428-A66E-CA8F61B6DE37}"
EndProject
Project("{FAE04EC0-301F-11D3-BF4B-00C04F79EFBC}") = "Unity.RenderPipelines.Core.Editor", "Unity.RenderPipelines.Core.Editor.csproj", "{49158523-149D-875D-ED9D-5A8A68922030}"
EndProject
Project("{FAE04EC0-301F-11D3-BF4B-00C04F79EFBC}") = "Unity.RenderPipelines.Universal.Editor", "Unity.RenderPipelines.Universal.Editor.csproj", "{56F139C1-8A62-F915-50DA-D4F780D503F9}"
EndProject
Project("{FAE04EC0-301F-11D3-BF4B-00C04F79EFBC}") = "PPv2URPConverters", "PPv2URPConverters.csproj", "{4B2D2AF8-9BD4-C268-B224-D6D97B9B2143}"
EndProject
Project("{FAE04EC0-301F-11D3-BF4B-00C04F79EFBC}") = "UnityEngine.UI", "UnityEngine.UI.csproj", "{476A96F6-6E95-A558-CD47-D0062D3EDB96}"
EndProject
Project("{FAE04EC0-301F-11D3-BF4B-00C04F79EFBC}") = "Unity.RenderPipeline.Universal.ShaderLibrary", "Unity.RenderPipeline.Universal.ShaderLibrary.csproj", "{51960186-B815-88F1-29DB-931B27067BC8}"
EndProject
Project("{FAE04EC0-301F-11D3-BF4B-00C04F79EFBC}") = "Assembly-CSharp", "Assembly-CSharp.csproj", "{D19784DD-37AB-F45D-A643-6EBD0421D5AA}"
EndProject
Project("{FAE04EC0-301F-11D3-BF4B-00C04F79EFBC}") = "Unity.ShaderGraph.Utilities", "Unity.ShaderGraph.Utilities.csproj", "{4641FDE5-A543-65C9-F58D-BDAD38BE7703}"
EndProject
Project("{FAE04EC0-301F-11D3-BF4B-00C04F79EFBC}") = "Unity.RenderPipelines.ShaderGraph.ShaderGraphLibrary", "Unity.RenderPipelines.ShaderGraph.ShaderGraphLibrary.csproj", "{A41A84DE-D34A-4681-9475-F0E3FEBF5B67}"
EndProject
Project("{FAE04EC0-301F-11D3-BF4B-00C04F79EFBC}") = "Unity.RenderPipelines.Core.ShaderLibrary", "Unity.RenderPipelines.Core.ShaderLibrary.csproj", "{8E892759-BDBD-6D0F-CD7A-92721A03EDB4}"
EndProject
Project("{FAE04EC0-301F-11D3-BF4B-00C04F79EFBC}") = "Unity.RenderPipelines.Universal.Shaders", "Unity.RenderPipelines.Universal.Shaders.csproj", "{69AC127B-34C9-24CC-0EDF-DAAEA77F5AE2}"
EndProject
Project("{FAE04EC0-301F-11D3-BF4B-00C04F79EFBC}") = "Unity.RenderPipelines.Universal.Runtime", "Unity.RenderPipelines.Universal.Runtime.Player.csproj", "{976B7A9E-CB7B-170D-EC25-808BC647EAA1}"
EndProject
Project("{FAE04EC0-301F-11D3-BF4B-00C04F79EFBC}") = "Unity.RenderPipelines.Core.Runtime", "Unity.RenderPipelines.Core.Runtime.Player.csproj", "{65950B70-6A99-BC96-CDA3-85964A09825F}"
EndProject
Project("{FAE04EC0-301F-11D3-BF4B-00C04F79EFBC}") = "UnityEngine.UI", "UnityEngine.UI.Player.csproj", "{9A264DDA-8409-0F9B-6D29-AA000C59568E}"
EndProject
Project("{FAE04EC0-301F-11D3-BF4B-00C04F79EFBC}") = "Unity.RenderPipeline.Universal.ShaderLibrary", "Unity.RenderPipeline.Universal.ShaderLibrary.Player.csproj", "{F6B1481A-2FF5-8246-BDDC-7B0E01A3C92D}"
EndProject
Project("{FAE04EC0-301F-11D3-BF4B-00C04F79EFBC}") = "Assembly-CSharp", "Assembly-CSharp.Player.csproj", "{9919AD89-79CC-C431-BC97-8D8325042E94}"
EndProject
Project("{FAE04EC0-301F-11D3-BF4B-00C04F79EFBC}") = "Unity.RenderPipelines.ShaderGraph.ShaderGraphLibrary", "Unity.RenderPipelines.ShaderGraph.ShaderGraphLibrary.Player.csproj", "{07B2AB35-B618-01D1-FC8A-8991D4BB87F3}"
EndProject
Project("{FAE04EC0-301F-11D3-BF4B-00C04F79EFBC}") = "Unity.RenderPipelines.Core.ShaderLibrary", "Unity.RenderPipelines.Core.ShaderLibrary.Player.csproj", "{FB26AEA6-262F-9EDB-F292-82637F107034}"
EndProject
Project("{FAE04EC0-301F-11D3-BF4B-00C04F79EFBC}") = "Unity.RenderPipelines.Universal.Shaders", "Unity.RenderPipelines.Universal.Shaders.Player.csproj", "{3354E1C3-854C-A4CA-61E5-F538343E4052}"
EndProject
Global
	GlobalSection(SolutionConfigurationPlatforms) = preSolution
		Debug|Any CPU = Debug|Any CPU
		Release|Any CPU = Release|Any CPU
	EndGlobalSection
	GlobalSection(ProjectConfigurationPlatforms) = postSolution
		{9766746A-05BA-B5BB-94DA-46293D23FD85}.Debug|Any CPU.ActiveCfg = Debug|Any CPU
		{9766746A-05BA-B5BB-94DA-46293D23FD85}.Debug|Any CPU.Build.0 = Debug|Any CPU
		{9766746A-05BA-B5BB-94DA-46293D23FD85}.Release|Any CPU.ActiveCfg = Release|Any CPU
		{9766746A-05BA-B5BB-94DA-46293D23FD85}.Release|Any CPU.Build.0 = Release|Any CPU
		{7AAADD9B-358E-B31B-5C43-6D9F7DC9EBC4}.Debug|Any CPU.ActiveCfg = Debug|Any CPU
		{7AAADD9B-358E-B31B-5C43-6D9F7DC9EBC4}.Debug|Any CPU.Build.0 = Debug|Any CPU
		{7AAADD9B-358E-B31B-5C43-6D9F7DC9EBC4}.Release|Any CPU.ActiveCfg = Release|Any CPU
		{7AAADD9B-358E-B31B-5C43-6D9F7DC9EBC4}.Release|Any CPU.Build.0 = Release|Any CPU
		{8C36B91B-5FE8-DBD2-DA87-3C271E3928A3}.Debug|Any CPU.ActiveCfg = Debug|Any CPU
		{8C36B91B-5FE8-DBD2-DA87-3C271E3928A3}.Debug|Any CPU.Build.0 = Debug|Any CPU
		{8C36B91B-5FE8-DBD2-DA87-3C271E3928A3}.Release|Any CPU.ActiveCfg = Release|Any CPU
		{8C36B91B-5FE8-DBD2-DA87-3C271E3928A3}.Release|Any CPU.Build.0 = Release|Any CPU
		{4FA345DB-1F63-4428-A66E-CA8F61B6DE37}.Debug|Any CPU.ActiveCfg = Debug|Any CPU
		{4FA345DB-1F63-4428-A66E-CA8F61B6DE37}.Debug|Any CPU.Build.0 = Debug|Any CPU
		{4FA345DB-1F63-4428-A66E-CA8F61B6DE37}.Release|Any CPU.ActiveCfg = Release|Any CPU
		{4FA345DB-1F63-4428-A66E-CA8F61B6DE37}.Release|Any CPU.Build.0 = Release|Any CPU
		{49158523-149D-875D-ED9D-5A8A68922030}.Debug|Any CPU.ActiveCfg = Debug|Any CPU
		{49158523-149D-875D-ED9D-5A8A68922030}.Debug|Any CPU.Build.0 = Debug|Any CPU
		{49158523-149D-875D-ED9D-5A8A68922030}.Release|Any CPU.ActiveCfg = Release|Any CPU
		{49158523-149D-875D-ED9D-5A8A68922030}.Release|Any CPU.Build.0 = Release|Any CPU
		{56F139C1-8A62-F915-50DA-D4F780D503F9}.Debug|Any CPU.ActiveCfg = Debug|Any CPU
		{56F139C1-8A62-F915-50DA-D4F780D503F9}.Debug|Any CPU.Build.0 = Debug|Any CPU
		{56F139C1-8A62-F915-50DA-D4F780D503F9}.Release|Any CPU.ActiveCfg = Release|Any CPU
		{56F139C1-8A62-F915-50DA-D4F780D503F9}.Release|Any CPU.Build.0 = Release|Any CPU
		{4B2D2AF8-9BD4-C268-B224-D6D97B9B2143}.Debug|Any CPU.ActiveCfg = Debug|Any CPU
		{4B2D2AF8-9BD4-C268-B224-D6D97B9B2143}.Debug|Any CPU.Build.0 = Debug|Any CPU
		{4B2D2AF8-9BD4-C268-B224-D6D97B9B2143}.Release|Any CPU.ActiveCfg = Release|Any CPU
		{4B2D2AF8-9BD4-C268-B224-D6D97B9B2143}.Release|Any CPU.Build.0 = Release|Any CPU
		{476A96F6-6E95-A558-CD47-D0062D3EDB96}.Debug|Any CPU.ActiveCfg = Debug|Any CPU
		{476A96F6-6E95-A558-CD47-D0062D3EDB96}.Debug|Any CPU.Build.0 = Debug|Any CPU
		{476A96F6-6E95-A558-CD47-D0062D3EDB96}.Release|Any CPU.ActiveCfg = Release|Any CPU
		{476A96F6-6E95-A558-CD47-D0062D3EDB96}.Release|Any CPU.Build.0 = Release|Any CPU
		{51960186-B815-88F1-29DB-931B27067BC8}.Debug|Any CPU.ActiveCfg = Debug|Any CPU
		{51960186-B815-88F1-29DB-931B27067BC8}.Debug|Any CPU.Build.0 = Debug|Any CPU
		{51960186-B815-88F1-29DB-931B27067BC8}.Release|Any CPU.ActiveCfg = Release|Any CPU
		{51960186-B815-88F1-29DB-931B27067BC8}.Release|Any CPU.Build.0 = Release|Any CPU
		{D19784DD-37AB-F45D-A643-6EBD0421D5AA}.Debug|Any CPU.ActiveCfg = Debug|Any CPU
		{D19784DD-37AB-F45D-A643-6EBD0421D5AA}.Debug|Any CPU.Build.0 = Debug|Any CPU
		{D19784DD-37AB-F45D-A643-6EBD0421D5AA}.Release|Any CPU.ActiveCfg = Release|Any CPU
		{D19784DD-37AB-F45D-A643-6EBD0421D5AA}.Release|Any CPU.Build.0 = Release|Any CPU
		{4641FDE5-A543-65C9-F58D-BDAD38BE7703}.Debug|Any CPU.ActiveCfg = Debug|Any CPU
		{4641FDE5-A543-65C9-F58D-BDAD38BE7703}.Debug|Any CPU.Build.0 = Debug|Any CPU
		{4641FDE5-A543-65C9-F58D-BDAD38BE7703}.Release|Any CPU.ActiveCfg = Release|Any CPU
		{4641FDE5-A543-65C9-F58D-BDAD38BE7703}.Release|Any CPU.Build.0 = Release|Any CPU
		{A41A84DE-D34A-4681-9475-F0E3FEBF5B67}.Debug|Any CPU.ActiveCfg = Debug|Any CPU
		{A41A84DE-D34A-4681-9475-F0E3FEBF5B67}.Debug|Any CPU.Build.0 = Debug|Any CPU
		{A41A84DE-D34A-4681-9475-F0E3FEBF5B67}.Release|Any CPU.ActiveCfg = Release|Any CPU
		{A41A84DE-D34A-4681-9475-F0E3FEBF5B67}.Release|Any CPU.Build.0 = Release|Any CPU
		{8E892759-BDBD-6D0F-CD7A-92721A03EDB4}.Debug|Any CPU.ActiveCfg = Debug|Any CPU
		{8E892759-BDBD-6D0F-CD7A-92721A03EDB4}.Debug|Any CPU.Build.0 = Debug|Any CPU
		{8E892759-BDBD-6D0F-CD7A-92721A03EDB4}.Release|Any CPU.ActiveCfg = Release|Any CPU
		{8E892759-BDBD-6D0F-CD7A-92721A03EDB4}.Release|Any CPU.Build.0 = Release|Any CPU
		{69AC127B-34C9-24CC-0EDF-DAAEA77F5AE2}.Debug|Any CPU.ActiveCfg = Debug|Any CPU
		{69AC127B-34C9-24CC-0EDF-DAAEA77F5AE2}.Debug|Any CPU.Build.0 = Debug|Any CPU
		{69AC127B-34C9-24CC-0EDF-DAAEA77F5AE2}.Release|Any CPU.ActiveCfg = Release|Any CPU
		{69AC127B-34C9-24CC-0EDF-DAAEA77F5AE2}.Release|Any CPU.Build.0 = Release|Any CPU
		{976B7A9E-CB7B-170D-EC25-808BC647EAA1}.Debug|Any CPU.ActiveCfg = Debug|Any CPU
		{976B7A9E-CB7B-170D-EC25-808BC647EAA1}.Debug|Any CPU.Build.0 = Debug|Any CPU
		{976B7A9E-CB7B-170D-EC25-808BC647EAA1}.Release|Any CPU.ActiveCfg = Release|Any CPU
		{976B7A9E-CB7B-170D-EC25-808BC647EAA1}.Release|Any CPU.Build.0 = Release|Any CPU
		{65950B70-6A99-BC96-CDA3-85964A09825F}.Debug|Any CPU.ActiveCfg = Debug|Any CPU
		{65950B70-6A99-BC96-CDA3-85964A09825F}.Debug|Any CPU.Build.0 = Debug|Any CPU
		{65950B70-6A99-BC96-CDA3-85964A09825F}.Release|Any CPU.ActiveCfg = Release|Any CPU
		{65950B70-6A99-BC96-CDA3-85964A09825F}.Release|Any CPU.Build.0 = Release|Any CPU
		{9A264DDA-8409-0F9B-6D29-AA000C59568E}.Debug|Any CPU.ActiveCfg = Debug|Any CPU
		{9A264DDA-8409-0F9B-6D29-AA000C59568E}.Debug|Any CPU.Build.0 = Debug|Any CPU
		{9A264DDA-8409-0F9B-6D29-AA000C59568E}.Release|Any CPU.ActiveCfg = Release|Any CPU
		{9A264DDA-8409-0F9B-6D29-AA000C59568E}.Release|Any CPU.Build.0 = Release|Any CPU
		{F6B1481A-2FF5-8246-BDDC-7B0E01A3C92D}.Debug|Any CPU.ActiveCfg = Debug|Any CPU
		{F6B1481A-2FF5-8246-BDDC-7B0E01A3C92D}.Debug|Any CPU.Build.0 = Debug|Any CPU
		{F6B1481A-2FF5-8246-BDDC-7B0E01A3C92D}.Release|Any CPU.ActiveCfg = Release|Any CPU
		{F6B1481A-2FF5-8246-BDDC-7B0E01A3C92D}.Release|Any CPU.Build.0 = Release|Any CPU
		{9919AD89-79CC-C431-BC97-8D8325042E94}.Debug|Any CPU.ActiveCfg = Debug|Any CPU
		{9919AD89-79CC-C431-BC97-8D8325042E94}.Debug|Any CPU.Build.0 = Debug|Any CPU
		{9919AD89-79CC-C431-BC97-8D8325042E94}.Release|Any CPU.ActiveCfg = Release|Any CPU
		{9919AD89-79CC-C431-BC97-8D8325042E94}.Release|Any CPU.Build.0 = Release|Any CPU
		{07B2AB35-B618-01D1-FC8A-8991D4BB87F3}.Debug|Any CPU.ActiveCfg = Debug|Any CPU
		{07B2AB35-B618-01D1-FC8A-8991D4BB87F3}.Debug|Any CPU.Build.0 = Debug|Any CPU
		{07B2AB35-B618-01D1-FC8A-8991D4BB87F3}.Release|Any CPU.ActiveCfg = Release|Any CPU
		{07B2AB35-B618-01D1-FC8A-8991D4BB87F3}.Release|Any CPU.Build.0 = Release|Any CPU
		{FB26AEA6-262F-9EDB-F292-82637F107034}.Debug|Any CPU.ActiveCfg = Debug|Any CPU
		{FB26AEA6-262F-9EDB-F292-82637F107034}.Debug|Any CPU.Build.0 = Debug|Any CPU
		{FB26AEA6-262F-9EDB-F292-82637F107034}.Release|Any CPU.ActiveCfg = Release|Any CPU
		{FB26AEA6-262F-9EDB-F292-82637F107034}.Release|Any CPU.Build.0 = Release|Any CPU
		{3354E1C3-854C-A4CA-61E5-F538343E4052}.Debug|Any CPU.ActiveCfg = Debug|Any CPU
		{3354E1C3-854C-A4CA-61E5-F538343E4052}.Debug|Any CPU.Build.0 = Debug|Any CPU
		{3354E1C3-854C-A4CA-61E5-F538343E4052}.Release|Any CPU.ActiveCfg = Release|Any CPU
		{3354E1C3-854C-A4CA-61E5-F538343E4052}.Release|Any CPU.Build.0 = Release|Any CPU
	EndGlobalSection
	GlobalSection(SolutionProperties) = preSolution
		HideSolutionNode = FALSE
	EndGlobalSection
EndGlobal
